// !$*UTF8*$!
{
	archiveVersion = 1;
	classes = {
	};
	objectVersion = 47;
	objects = {

/* Begin PBXBuildFile section */
		46B02780EEC08B16FB384A4F /* CardView.swift in Sources */ = {isa = PBXBuildFile; fileRef = 46B020C26FAF7645B926FA26 /* CardView.swift */; };
		732BA01F1C5ADC1200C1CDB5 /* PageMenuFramework.framework in Frameworks */ = {isa = PBXBuildFile; fileRef = 732BA01E1C5ADC1200C1CDB5 /* PageMenuFramework.framework */; };
		732BA0221C5ADC3100C1CDB5 /* PageMenuFramework.framework.dSYM in CopyFiles */ = {isa = PBXBuildFile; fileRef = 732BA0211C5ADC3100C1CDB5 /* PageMenuFramework.framework.dSYM */; };
		732BA0241C5AE75900C1CDB5 /* ProgressPageViewController.xib in Resources */ = {isa = PBXBuildFile; fileRef = 732BA0231C5AE75900C1CDB5 /* ProgressPageViewController.xib */; };
		732BA0261C5AE8EF00C1CDB5 /* CardViewCell.xib in Resources */ = {isa = PBXBuildFile; fileRef = 732BA0251C5AE8EF00C1CDB5 /* CardViewCell.xib */; };
		732BA0281C5AE8F900C1CDB5 /* SectionViewCell.xib in Resources */ = {isa = PBXBuildFile; fileRef = 732BA0271C5AE8F900C1CDB5 /* SectionViewCell.xib */; };
		732BA02A1C5B76DD00C1CDB5 /* CardViewCell.swift in Sources */ = {isa = PBXBuildFile; fileRef = 732BA0291C5B76DD00C1CDB5 /* CardViewCell.swift */; };
		732BA02C1C5B76E500C1CDB5 /* SectionViewCell.swift in Sources */ = {isa = PBXBuildFile; fileRef = 732BA02B1C5B76E500C1CDB5 /* SectionViewCell.swift */; };
		732BA02E1C5B7A8D00C1CDB5 /* ProgressGeneralViewController.xib in Resources */ = {isa = PBXBuildFile; fileRef = 732BA02D1C5B7A8D00C1CDB5 /* ProgressGeneralViewController.xib */; };
		732BA03D1C5BC9D400C1CDB5 /* LaunchScreen.xib in Resources */ = {isa = PBXBuildFile; fileRef = 732BA03C1C5BC9D400C1CDB5 /* LaunchScreen.xib */; };
		732BA0431C5EB9C300C1CDB5 /* CalendarCardViewCell.swift in Sources */ = {isa = PBXBuildFile; fileRef = 732BA0421C5EB9C300C1CDB5 /* CalendarCardViewCell.swift */; };
		732BA0451C5EB9CE00C1CDB5 /* CalendarCardViewCell.xib in Resources */ = {isa = PBXBuildFile; fileRef = 732BA0441C5EB9CE00C1CDB5 /* CalendarCardViewCell.xib */; };
		732BA0471C5EBB9900C1CDB5 /* CalendarSectionViewCell.xib in Resources */ = {isa = PBXBuildFile; fileRef = 732BA0461C5EBB9900C1CDB5 /* CalendarSectionViewCell.xib */; };
		732BA0491C5EBBA400C1CDB5 /* CalendarSectionViewCell.swift in Sources */ = {isa = PBXBuildFile; fileRef = 732BA0481C5EBBA400C1CDB5 /* CalendarSectionViewCell.swift */; };
		733876D51C4AB163006AABA7 /* LogWorkoutButton.swift in Sources */ = {isa = PBXBuildFile; fileRef = 733876D41C4AB163006AABA7 /* LogWorkoutButton.swift */; };
		733876DA1C4ABF88006AABA7 /* RoutineStream.swift in Sources */ = {isa = PBXBuildFile; fileRef = 733876D91C4ABF88006AABA7 /* RoutineStream.swift */; };
		733876DE1C4AC829006AABA7 /* Runes.framework.dSYM in CopyFiles */ = {isa = PBXBuildFile; fileRef = 733876DC1C4AC829006AABA7 /* Runes.framework.dSYM */; };
		733876DF1C4AC829006AABA7 /* SwiftyJSON.framework.dSYM in CopyFiles */ = {isa = PBXBuildFile; fileRef = 733876DD1C4AC829006AABA7 /* SwiftyJSON.framework.dSYM */; };
		7349F6A31C492729009DBE7B /* Runes.framework in Frameworks */ = {isa = PBXBuildFile; fileRef = 7349F6A11C492729009DBE7B /* Runes.framework */; };
		734B6F3F1C4AE7E900CFB6BD /* LogWorkoutController.swift in Sources */ = {isa = PBXBuildFile; fileRef = 734B6F3E1C4AE7E900CFB6BD /* LogWorkoutController.swift */; };
		734B6F421C4BAC6A00CFB6BD /* CalendarViewController.swift in Sources */ = {isa = PBXBuildFile; fileRef = 734B6F411C4BAC6A00CFB6BD /* CalendarViewController.swift */; };
		734B6FB11C4BB73D00CFB6BD /* CVAuxiliaryView.swift in Sources */ = {isa = PBXBuildFile; fileRef = 734B6F961C4BB73D00CFB6BD /* CVAuxiliaryView.swift */; };
		734B6FB31C4BB73D00CFB6BD /* CVCalendarContentViewController.swift in Sources */ = {isa = PBXBuildFile; fileRef = 734B6F971C4BB73D00CFB6BD /* CVCalendarContentViewController.swift */; };
		734B6FB51C4BB73D00CFB6BD /* CVCalendarDayView.swift in Sources */ = {isa = PBXBuildFile; fileRef = 734B6F981C4BB73D00CFB6BD /* CVCalendarDayView.swift */; };
		734B6FB71C4BB73D00CFB6BD /* CVCalendarDayViewControlCoordinator.swift in Sources */ = {isa = PBXBuildFile; fileRef = 734B6F991C4BB73D00CFB6BD /* CVCalendarDayViewControlCoordinator.swift */; };
		734B6FB91C4BB73D00CFB6BD /* CVCalendarManager.swift in Sources */ = {isa = PBXBuildFile; fileRef = 734B6F9A1C4BB73D00CFB6BD /* CVCalendarManager.swift */; };
		734B6FBB1C4BB73D00CFB6BD /* CVCalendarMenuView.swift in Sources */ = {isa = PBXBuildFile; fileRef = 734B6F9B1C4BB73D00CFB6BD /* CVCalendarMenuView.swift */; };
		734B6FBD1C4BB73D00CFB6BD /* CVCalendarMenuViewDelegate.swift in Sources */ = {isa = PBXBuildFile; fileRef = 734B6F9C1C4BB73D00CFB6BD /* CVCalendarMenuViewDelegate.swift */; };
		734B6FBF1C4BB73D00CFB6BD /* CVCalendarMonthContentViewController.swift in Sources */ = {isa = PBXBuildFile; fileRef = 734B6F9D1C4BB73D00CFB6BD /* CVCalendarMonthContentViewController.swift */; };
		734B6FC11C4BB73D00CFB6BD /* CVCalendarMonthView.swift in Sources */ = {isa = PBXBuildFile; fileRef = 734B6F9E1C4BB73D00CFB6BD /* CVCalendarMonthView.swift */; };
		734B6FC31C4BB73D00CFB6BD /* CVCalendarTouchController.swift in Sources */ = {isa = PBXBuildFile; fileRef = 734B6F9F1C4BB73D00CFB6BD /* CVCalendarTouchController.swift */; };
		734B6FC51C4BB73D00CFB6BD /* CVCalendarView.swift in Sources */ = {isa = PBXBuildFile; fileRef = 734B6FA01C4BB73D00CFB6BD /* CVCalendarView.swift */; };
		734B6FC71C4BB73D00CFB6BD /* CVCalendarViewAnimator.swift in Sources */ = {isa = PBXBuildFile; fileRef = 734B6FA11C4BB73D00CFB6BD /* CVCalendarViewAnimator.swift */; };
		734B6FC91C4BB73D00CFB6BD /* CVCalendarViewAnimatorDelegate.swift in Sources */ = {isa = PBXBuildFile; fileRef = 734B6FA21C4BB73D00CFB6BD /* CVCalendarViewAnimatorDelegate.swift */; };
		734B6FCB1C4BB73D00CFB6BD /* CVCalendarViewAppearance.swift in Sources */ = {isa = PBXBuildFile; fileRef = 734B6FA31C4BB73D00CFB6BD /* CVCalendarViewAppearance.swift */; };
		734B6FCD1C4BB73D00CFB6BD /* CVCalendarViewAppearanceDelegate.swift in Sources */ = {isa = PBXBuildFile; fileRef = 734B6FA41C4BB73D00CFB6BD /* CVCalendarViewAppearanceDelegate.swift */; };
		734B6FCF1C4BB73D00CFB6BD /* CVCalendarViewDelegate.swift in Sources */ = {isa = PBXBuildFile; fileRef = 734B6FA51C4BB73D00CFB6BD /* CVCalendarViewDelegate.swift */; };
		734B6FD11C4BB73D00CFB6BD /* CVCalendarViewPresentationMode.swift in Sources */ = {isa = PBXBuildFile; fileRef = 734B6FA61C4BB73D00CFB6BD /* CVCalendarViewPresentationMode.swift */; };
		734B6FD31C4BB73D00CFB6BD /* CVCalendarWeekContentViewController.swift in Sources */ = {isa = PBXBuildFile; fileRef = 734B6FA71C4BB73D00CFB6BD /* CVCalendarWeekContentViewController.swift */; };
		734B6FD51C4BB73D00CFB6BD /* CVCalendarWeekday.swift in Sources */ = {isa = PBXBuildFile; fileRef = 734B6FA81C4BB73D00CFB6BD /* CVCalendarWeekday.swift */; };
		734B6FD71C4BB73D00CFB6BD /* CVCalendarWeekView.swift in Sources */ = {isa = PBXBuildFile; fileRef = 734B6FA91C4BB73D00CFB6BD /* CVCalendarWeekView.swift */; };
		734B6FD91C4BB73D00CFB6BD /* CVDate.swift in Sources */ = {isa = PBXBuildFile; fileRef = 734B6FAA1C4BB73D00CFB6BD /* CVDate.swift */; };
		734B6FDB1C4BB73D00CFB6BD /* CVRange.swift in Sources */ = {isa = PBXBuildFile; fileRef = 734B6FAB1C4BB73D00CFB6BD /* CVRange.swift */; };
		734B6FDD1C4BB73D00CFB6BD /* CVScrollDirection.swift in Sources */ = {isa = PBXBuildFile; fileRef = 734B6FAC1C4BB73D00CFB6BD /* CVScrollDirection.swift */; };
		734B6FDF1C4BB73D00CFB6BD /* CVSelectionType.swift in Sources */ = {isa = PBXBuildFile; fileRef = 734B6FAD1C4BB73D00CFB6BD /* CVSelectionType.swift */; };
		734B6FE11C4BB73D00CFB6BD /* CVSet.swift in Sources */ = {isa = PBXBuildFile; fileRef = 734B6FAE1C4BB73D00CFB6BD /* CVSet.swift */; };
		734B6FE31C4BB73D00CFB6BD /* CVShape.swift in Sources */ = {isa = PBXBuildFile; fileRef = 734B6FAF1C4BB73D00CFB6BD /* CVShape.swift */; };
		734B6FE51C4BB73D00CFB6BD /* CVWeekdaySymbolType.swift in Sources */ = {isa = PBXBuildFile; fileRef = 734B6FB01C4BB73D00CFB6BD /* CVWeekdaySymbolType.swift */; };
		734B6FF11C4BE86100CFB6BD /* Realm.framework in Frameworks */ = {isa = PBXBuildFile; fileRef = 734B6FE71C4BE84600CFB6BD /* Realm.framework */; };
		734B6FF21C4BE86300CFB6BD /* RealmSwift.framework in Frameworks */ = {isa = PBXBuildFile; fileRef = 734B6FE81C4BE84600CFB6BD /* RealmSwift.framework */; };
		734B6FF91C4BE8CB00CFB6BD /* Realm.framework.dSYM in CopyFiles */ = {isa = PBXBuildFile; fileRef = 734B6FF71C4BE8CB00CFB6BD /* Realm.framework.dSYM */; };
		734B6FFA1C4BE8CB00CFB6BD /* RealmSwift.framework.dSYM in CopyFiles */ = {isa = PBXBuildFile; fileRef = 734B6FF81C4BE8CB00CFB6BD /* RealmSwift.framework.dSYM */; };
		734B6FFF1C4BF46400CFB6BD /* RepositorySet.swift in Sources */ = {isa = PBXBuildFile; fileRef = 734B6FFE1C4BF46400CFB6BD /* RepositorySet.swift */; };
		734B70021C4BF57600CFB6BD /* RepositoryStream.swift in Sources */ = {isa = PBXBuildFile; fileRef = 734B70011C4BF57600CFB6BD /* RepositoryStream.swift */; };
		734B70051C4BF7C700CFB6BD /* RepositoryRoutine.swift in Sources */ = {isa = PBXBuildFile; fileRef = 734B70041C4BF7C700CFB6BD /* RepositoryRoutine.swift */; };
		734B70081C4BF7DD00CFB6BD /* RepositoryCategory.swift in Sources */ = {isa = PBXBuildFile; fileRef = 734B70071C4BF7DD00CFB6BD /* RepositoryCategory.swift */; };
		734B700B1C4BF7E900CFB6BD /* RepositorySection.swift in Sources */ = {isa = PBXBuildFile; fileRef = 734B700A1C4BF7E900CFB6BD /* RepositorySection.swift */; };
		7366D8D11C4EE9CC00819790 /* ProgressViewController.swift in Sources */ = {isa = PBXBuildFile; fileRef = 7366D8D01C4EE9CC00819790 /* ProgressViewController.swift */; };
		7366D8DD1C4EEFD500819790 /* ProgressPageViewController.swift in Sources */ = {isa = PBXBuildFile; fileRef = 7366D8DC1C4EEFD500819790 /* ProgressPageViewController.swift */; };
		7366D8E11C51810600819790 /* Extensions.swift in Sources */ = {isa = PBXBuildFile; fileRef = 7366D8E01C51810600819790 /* Extensions.swift */; };
		7366D8E51C51AD6C00819790 /* SwiftCharts.framework in Frameworks */ = {isa = PBXBuildFile; fileRef = 7366D8E31C51AD5900819790 /* SwiftCharts.framework */; };
		7366D8E81C51AD9C00819790 /* SwiftCharts.framework.dSYM in CopyFiles */ = {isa = PBXBuildFile; fileRef = 7366D8E61C51AD9600819790 /* SwiftCharts.framework.dSYM */; };
		7366D8EA1C52416C00819790 /* SupportDeveloperViewController.swift in Sources */ = {isa = PBXBuildFile; fileRef = 7366D8E91C52416C00819790 /* SupportDeveloperViewController.swift */; };
		7366D8ED1C52943D00819790 /* StoreKit.framework in Frameworks */ = {isa = PBXBuildFile; fileRef = 7366D8EC1C52943D00819790 /* StoreKit.framework */; };
		73AA28EA1CABE69200DEED79 /* DashboardViewController.swift in Sources */ = {isa = PBXBuildFile; fileRef = 73AA28E91CABE69200DEED79 /* DashboardViewController.swift */; };
		73AA28ED1CABE8F800DEED79 /* DashboardView.xib in Resources */ = {isa = PBXBuildFile; fileRef = 73AA28EC1CABE8F800DEED79 /* DashboardView.xib */; };
		73AA28EF1CB7ABB500DEED79 /* DashboardSectionViewCell.xib in Resources */ = {isa = PBXBuildFile; fileRef = 73AA28EE1CB7ABB500DEED79 /* DashboardSectionViewCell.xib */; };
		73AA28F11CB7ABC300DEED79 /* DashboardSectionViewCell.swift in Sources */ = {isa = PBXBuildFile; fileRef = 73AA28F01CB7ABC300DEED79 /* DashboardSectionViewCell.swift */; };
		73AA28F31CB7ACC100DEED79 /* DashboardCategoryViewCell.swift in Sources */ = {isa = PBXBuildFile; fileRef = 73AA28F21CB7ACC100DEED79 /* DashboardCategoryViewCell.swift */; };
		73AA28F51CB7ACCC00DEED79 /* DashboardCategoryViewCell.xib in Resources */ = {isa = PBXBuildFile; fileRef = 73AA28F41CB7ACCC00DEED79 /* DashboardCategoryViewCell.xib */; };
		73AA28F71CB7ACD900DEED79 /* DashboardSingleItemViewCell.xib in Resources */ = {isa = PBXBuildFile; fileRef = 73AA28F61CB7ACD900DEED79 /* DashboardSingleItemViewCell.xib */; };
		73AA28F91CB7ACE300DEED79 /* DashboardDoubleItemViewCell.xib in Resources */ = {isa = PBXBuildFile; fileRef = 73AA28F81CB7ACE300DEED79 /* DashboardDoubleItemViewCell.xib */; };
		73AA28FB1CB7ACEB00DEED79 /* DashboardSingleItemViewCell.swift in Sources */ = {isa = PBXBuildFile; fileRef = 73AA28FA1CB7ACEB00DEED79 /* DashboardSingleItemViewCell.swift */; };
		73AA28FD1CB7ACF500DEED79 /* DashboardDoubleItemViewCell.swift in Sources */ = {isa = PBXBuildFile; fileRef = 73AA28FC1CB7ACF500DEED79 /* DashboardDoubleItemViewCell.swift */; };
		73BFEBB81CBA889400B9DDAE /* Material.framework in Frameworks */ = {isa = PBXBuildFile; fileRef = 73BFEBB71CBA889400B9DDAE /* Material.framework */; };
		73BFEBBB1CBA8A5F00B9DDAE /* Material.framework.dSYM in CopyFiles */ = {isa = PBXBuildFile; fileRef = 73BFEBB91CBA8A4700B9DDAE /* Material.framework.dSYM */; };
		73BFEBBE1CBAC94300B9DDAE /* WeightUnitCell.swift in Sources */ = {isa = PBXBuildFile; fileRef = 73BFEBBD1CBAC94300B9DDAE /* WeightUnitCell.swift */; };
		73BFEBC01CBAE19A00B9DDAE /* DevelopedByCell.swift in Sources */ = {isa = PBXBuildFile; fileRef = 73BFEBBF1CBAE19A00B9DDAE /* DevelopedByCell.swift */; };
		73BFEBC21CBAEDD800B9DDAE /* SnackBar.swift in Sources */ = {isa = PBXBuildFile; fileRef = 73BFEBC11CBAEDD800B9DDAE /* SnackBar.swift */; };
		73BFEBC41CBBFA3900B9DDAE /* SupportDeveloperView.xib in Resources */ = {isa = PBXBuildFile; fileRef = 73BFEBC31CBBFA3900B9DDAE /* SupportDeveloperView.xib */; };
		73BFEC061CBC2C9A00B9DDAE /* Fabric.framework in Frameworks */ = {isa = PBXBuildFile; fileRef = 73BFEC041CBC2C9A00B9DDAE /* Fabric.framework */; };
		73BFEC071CBC2C9A00B9DDAE /* Crashlytics.framework in Frameworks */ = {isa = PBXBuildFile; fileRef = 73BFEC051CBC2C9A00B9DDAE /* Crashlytics.framework */; };
		73C8E4AF1C5A1D30005E0248 /* ProgressGeneralViewController.swift in Sources */ = {isa = PBXBuildFile; fileRef = 73C8E4AE1C5A1D30005E0248 /* ProgressGeneralViewController.swift */; };
		73D2BCE61C3C633200CE6C00 /* SideViewController.swift in Sources */ = {isa = PBXBuildFile; fileRef = 73D2BCE51C3C633200CE6C00 /* SideViewController.swift */; };
		73D2BCED1C3C6D6600CE6C00 /* SwiftyJSON.framework in Frameworks */ = {isa = PBXBuildFile; fileRef = 73D2BCEC1C3C6D6600CE6C00 /* SwiftyJSON.framework */; };
		73FE1F5B1C4BF82A0047C97A /* RepositoryExercise.swift in Sources */ = {isa = PBXBuildFile; fileRef = 73FE1F5A1C4BF82A0047C97A /* RepositoryExercise.swift */; };
		E0C7E30D1B5BC12B00EB6389 /* AnimatableImageView.swift in Sources */ = {isa = PBXBuildFile; fileRef = E0C7E3041B5BC12B00EB6389 /* AnimatableImageView.swift */; };
		E0C7E30F1B5BC12B00EB6389 /* AnimatedFrame.swift in Sources */ = {isa = PBXBuildFile; fileRef = E0C7E3051B5BC12B00EB6389 /* AnimatedFrame.swift */; };
		E0C7E3111B5BC12B00EB6389 /* Animator.swift in Sources */ = {isa = PBXBuildFile; fileRef = E0C7E3061B5BC12B00EB6389 /* Animator.swift */; };
		E0C7E3171B5BC12B00EB6389 /* ImageSourceHelpers.swift in Sources */ = {isa = PBXBuildFile; fileRef = E0C7E3091B5BC12B00EB6389 /* ImageSourceHelpers.swift */; };
		E0C7E31D1B5BC12B00EB6389 /* UIImageExtension.swift in Sources */ = {isa = PBXBuildFile; fileRef = E0C7E30C1B5BC12B00EB6389 /* UIImageExtension.swift */; };
		E0CA1FC51BACA58D00FF6F8C /* TimerController.swift in Sources */ = {isa = PBXBuildFile; fileRef = E0CA1FC41BACA58D00FF6F8C /* TimerController.swift */; };
		E0CA1FC81BACA5A000FF6F8C /* PersistenceManager.swift in Sources */ = {isa = PBXBuildFile; fileRef = E0CA1FC71BACA5A000FF6F8C /* PersistenceManager.swift */; };
		E0F5872E1B5272C400540104 /* AppDelegate.swift in Sources */ = {isa = PBXBuildFile; fileRef = E0F5872C1B5272C400540104 /* AppDelegate.swift */; };
		E0F587311B5272E200540104 /* Routine.swift in Sources */ = {isa = PBXBuildFile; fileRef = E0F587301B5272E200540104 /* Routine.swift */; };
		E0F587351B5272F400540104 /* ActionView.swift in Sources */ = {isa = PBXBuildFile; fileRef = E0F587331B5272F400540104 /* ActionView.swift */; };
		E0F5873C1B52730000540104 /* SettingsController.swift in Sources */ = {isa = PBXBuildFile; fileRef = E0F587381B52730000540104 /* SettingsController.swift */; };
		E0F5873D1B52730000540104 /* TimePickerController.swift in Sources */ = {isa = PBXBuildFile; fileRef = E0F587391B52730000540104 /* TimePickerController.swift */; };
		E0F587461B52730C00540104 /* Main.storyboard in Resources */ = {isa = PBXBuildFile; fileRef = E0F587411B52730C00540104 /* Main.storyboard */; };
		E0F587471B52730C00540104 /* TimePicker.xib in Resources */ = {isa = PBXBuildFile; fileRef = E0F587431B52730C00540104 /* TimePicker.xib */; };
		E0F5874A1B52731C00540104 /* finished.mp3 in Resources */ = {isa = PBXBuildFile; fileRef = E0F587481B52731C00540104 /* finished.mp3 */; };
		E0F5874B1B52731C00540104 /* Routine.json in Resources */ = {isa = PBXBuildFile; fileRef = E0F587491B52731C00540104 /* Routine.json */; };
		E0F5877F1B52733100540104 /* advanced_tuck_front_lever_row.gif in Resources */ = {isa = PBXBuildFile; fileRef = E0F5874D1B52733100540104 /* advanced_tuck_front_lever_row.gif */; };
		E0F587801B52733100540104 /* arch.gif in Resources */ = {isa = PBXBuildFile; fileRef = E0F5874E1B52733100540104 /* arch.gif */; };
		E0F587811B52733100540104 /* assisted_squat.gif in Resources */ = {isa = PBXBuildFile; fileRef = E0F5874F1B52733100540104 /* assisted_squat.gif */; };
		E0F587821B52733100540104 /* band_dislocates.gif in Resources */ = {isa = PBXBuildFile; fileRef = E0F587501B52733100540104 /* band_dislocates.gif */; };
		E0F587831B52733100540104 /* bodyweight_squat.gif in Resources */ = {isa = PBXBuildFile; fileRef = E0F587511B52733100540104 /* bodyweight_squat.gif */; };
		E0F587841B52733100540104 /* burpee.gif in Resources */ = {isa = PBXBuildFile; fileRef = E0F587521B52733100540104 /* burpee.gif */; };
		E0F587851B52733100540104 /* cat_camel.gif in Resources */ = {isa = PBXBuildFile; fileRef = E0F587531B52733100540104 /* cat_camel.gif */; };
		E0F587861B52733100540104 /* deep_stepup.gif in Resources */ = {isa = PBXBuildFile; fileRef = E0F587541B52733100540104 /* deep_stepup.gif */; };
		E0F587871B52733100540104 /* diamond_pushup.gif in Resources */ = {isa = PBXBuildFile; fileRef = E0F587551B52733100540104 /* diamond_pushup.gif */; };
		E0F587881B52733100540104 /* floor_l_sit.gif in Resources */ = {isa = PBXBuildFile; fileRef = E0F587561B52733100540104 /* floor_l_sit.gif */; };
		E0F587891B52733100540104 /* freestanding_handstand.gif in Resources */ = {isa = PBXBuildFile; fileRef = E0F587571B52733100540104 /* freestanding_handstand.gif */; };
		E0F5878A1B52733100540104 /* full_body_circles.gif in Resources */ = {isa = PBXBuildFile; fileRef = E0F587581B52733100540104 /* full_body_circles.gif */; };
		E0F5878B1B52733100540104 /* hollow_hold.gif in Resources */ = {isa = PBXBuildFile; fileRef = E0F587591B52733100540104 /* hollow_hold.gif */; };
		E0F5878C1B52733100540104 /* horizontal_row.gif in Resources */ = {isa = PBXBuildFile; fileRef = E0F5875A1B52733100540104 /* horizontal_row.gif */; };
		E0F5878D1B52733100540104 /* incline_pushup.gif in Resources */ = {isa = PBXBuildFile; fileRef = E0F5875B1B52733100540104 /* incline_pushup.gif */; };
		E0F5878E1B52733100540104 /* incline_row.gif in Resources */ = {isa = PBXBuildFile; fileRef = E0F5875C1B52733100540104 /* incline_row.gif */; };
		E0F5878F1B52733100540104 /* l_ring_dips.gif in Resources */ = {isa = PBXBuildFile; fileRef = E0F5875D1B52733100540104 /* l_ring_dips.gif */; };
		E0F587901B52733100540104 /* l_sit.gif in Resources */ = {isa = PBXBuildFile; fileRef = E0F5875E1B52733100540104 /* l_sit.gif */; };
		E0F587911B52733100540104 /* leg_swings.gif in Resources */ = {isa = PBXBuildFile; fileRef = E0F5875F1B52733100540104 /* leg_swings.gif */; };
		E0F587921B52733100540104 /* lsit_pullup.gif in Resources */ = {isa = PBXBuildFile; fileRef = E0F587601B52733100540104 /* lsit_pullup.gif */; };
		E0F587931B52733100540104 /* negative_pullup.gif in Resources */ = {isa = PBXBuildFile; fileRef = E0F587611B52733100540104 /* negative_pullup.gif */; };
		E0F587941B52733100540104 /* one_foot_l_sit.gif in Resources */ = {isa = PBXBuildFile; fileRef = E0F587621B52733100540104 /* one_foot_l_sit.gif */; };
		E0F587951B52733100540104 /* parallel_bar_dips.gif in Resources */ = {isa = PBXBuildFile; fileRef = E0F587631B52733100540104 /* parallel_bar_dips.gif */; };
		E0F587961B52733100540104 /* parallel_bar_hold.gif in Resources */ = {isa = PBXBuildFile; fileRef = E0F587641B52733100540104 /* parallel_bar_hold.gif */; };
		E0F587971B52733100540104 /* plank.gif in Resources */ = {isa = PBXBuildFile; fileRef = E0F587651B52733100540104 /* plank.gif */; };
		E0F587981B52733100540104 /* pseudo_planche_pushup.gif in Resources */ = {isa = PBXBuildFile; fileRef = E0F587661B52733100540104 /* pseudo_planche_pushup.gif */; };
		E0F587991B52733100540104 /* pseudo_planche.gif in Resources */ = {isa = PBXBuildFile; fileRef = E0F587671B52733100540104 /* pseudo_planche.gif */; };
		E0F5879A1B52733100540104 /* pullover.gif in Resources */ = {isa = PBXBuildFile; fileRef = E0F587681B52733100540104 /* pullover.gif */; };
		E0F5879B1B52733100540104 /* pullup.gif in Resources */ = {isa = PBXBuildFile; fileRef = E0F587691B52733100540104 /* pullup.gif */; };
		E0F5879C1B52733100540104 /* pushup.gif in Resources */ = {isa = PBXBuildFile; fileRef = E0F5876A1B52733100540104 /* pushup.gif */; };
		E0F5879D1B52733100540104 /* reverse_plank.gif in Resources */ = {isa = PBXBuildFile; fileRef = E0F5876B1B52733100540104 /* reverse_plank.gif */; };
		E0F5879E1B52733100540104 /* ring_dips.gif in Resources */ = {isa = PBXBuildFile; fileRef = E0F5876C1B52733100540104 /* ring_dips.gif */; };
		E0F5879F1B52733100540104 /* ring_pushup.gif in Resources */ = {isa = PBXBuildFile; fileRef = E0F5876D1B52733100540104 /* ring_pushup.gif */; };
		E0F587A01B52733100540104 /* ring_support.gif in Resources */ = {isa = PBXBuildFile; fileRef = E0F5876E1B52733100540104 /* ring_support.gif */; };
		E0F587A11B52733100540104 /* rings_turned_out_pushup.gif in Resources */ = {isa = PBXBuildFile; fileRef = E0F5876F1B52733100540104 /* rings_turned_out_pushup.gif */; };
		E0F587A21B52733100540104 /* rings_turned_out_support.gif in Resources */ = {isa = PBXBuildFile; fileRef = E0F587701B52733100540104 /* rings_turned_out_support.gif */; };
		E0F587A31B52733100540104 /* scapular_shrugs.gif in Resources */ = {isa = PBXBuildFile; fileRef = E0F587711B52733100540104 /* scapular_shrugs.gif */; };
		E0F587A41B52733100540104 /* side_plank.gif in Resources */ = {isa = PBXBuildFile; fileRef = E0F587721B52733100540104 /* side_plank.gif */; };
		E0F587A51B52733100540104 /* squat_jumps.gif in Resources */ = {isa = PBXBuildFile; fileRef = E0F587731B52733100540104 /* squat_jumps.gif */; };
		E0F587A61B52733100540104 /* tuck_front_lever_row.gif in Resources */ = {isa = PBXBuildFile; fileRef = E0F587741B52733100540104 /* tuck_front_lever_row.gif */; };
		E0F587A71B52733100540104 /* tuck_front_lever.gif in Resources */ = {isa = PBXBuildFile; fileRef = E0F587751B52733100540104 /* tuck_front_lever.gif */; };
		E0F587A81B52733100540104 /* tuck_ice_cream_maker.gif in Resources */ = {isa = PBXBuildFile; fileRef = E0F587761B52733100540104 /* tuck_ice_cream_maker.gif */; };
		E0F587A91B52733100540104 /* tuck_l_sit.gif in Resources */ = {isa = PBXBuildFile; fileRef = E0F587771B52733100540104 /* tuck_l_sit.gif */; };
		E0F587AA1B52733100540104 /* vertical_row.gif in Resources */ = {isa = PBXBuildFile; fileRef = E0F587781B52733100540104 /* vertical_row.gif */; };
		E0F587AB1B52733100540104 /* wall_extensions.gif in Resources */ = {isa = PBXBuildFile; fileRef = E0F587791B52733100540104 /* wall_extensions.gif */; };
		E0F587AC1B52733100540104 /* wall_handstand.gif in Resources */ = {isa = PBXBuildFile; fileRef = E0F5877A1B52733100540104 /* wall_handstand.gif */; };
		E0F587AD1B52733100540104 /* wall_plank.gif in Resources */ = {isa = PBXBuildFile; fileRef = E0F5877B1B52733100540104 /* wall_plank.gif */; };
		E0F587AE1B52733100540104 /* wall_pushup.gif in Resources */ = {isa = PBXBuildFile; fileRef = E0F5877C1B52733100540104 /* wall_pushup.gif */; };
		E0F587AF1B52733100540104 /* wide_row.gif in Resources */ = {isa = PBXBuildFile; fileRef = E0F5877D1B52733100540104 /* wide_row.gif */; };
		E0F587B01B52733100540104 /* wrist_progression.gif in Resources */ = {isa = PBXBuildFile; fileRef = E0F5877E1B52733100540104 /* wrist_progression.gif */; };
		E0F587B41B52734900540104 /* Images.xcassets in Resources */ = {isa = PBXBuildFile; fileRef = E0F587B31B52734900540104 /* Images.xcassets */; };
/* End PBXBuildFile section */

/* Begin PBXCopyFilesBuildPhase section */
		73D2BCDB1C3C627200CE6C00 /* CopyFiles */ = {
			isa = PBXCopyFilesBuildPhase;
			buildActionMask = 2147483647;
			dstPath = "";
			dstSubfolderSpec = 16;
			files = (
				73BFEBBB1CBA8A5F00B9DDAE /* Material.framework.dSYM in CopyFiles */,
				732BA0221C5ADC3100C1CDB5 /* PageMenuFramework.framework.dSYM in CopyFiles */,
				7366D8E81C51AD9C00819790 /* SwiftCharts.framework.dSYM in CopyFiles */,
				734B6FF91C4BE8CB00CFB6BD /* Realm.framework.dSYM in CopyFiles */,
				734B6FFA1C4BE8CB00CFB6BD /* RealmSwift.framework.dSYM in CopyFiles */,
				733876DE1C4AC829006AABA7 /* Runes.framework.dSYM in CopyFiles */,
				733876DF1C4AC829006AABA7 /* SwiftyJSON.framework.dSYM in CopyFiles */,
			);
			runOnlyForDeploymentPostprocessing = 0;
		};
		E0C7E3481B5BD8B500EB6389 /* Embed App Extensions */ = {
			isa = PBXCopyFilesBuildPhase;
			buildActionMask = 2147483647;
			dstPath = "";
			dstSubfolderSpec = 13;
			files = (
			);
			name = "Embed App Extensions";
			runOnlyForDeploymentPostprocessing = 0;
		};
/* End PBXCopyFilesBuildPhase section */

/* Begin PBXFileReference section */
		2BD2CA831B458FFD00841AB7 /* Bodyweight Fitness.app */ = {isa = PBXFileReference; explicitFileType = wrapper.application; includeInIndex = 0; path = "Bodyweight Fitness.app"; sourceTree = BUILT_PRODUCTS_DIR; };
		46B020C26FAF7645B926FA26 /* CardView.swift */ = {isa = PBXFileReference; fileEncoding = 4; lastKnownFileType = sourcecode.swift; path = CardView.swift; sourceTree = SOURCE_ROOT; };
		732BA01E1C5ADC1200C1CDB5 /* PageMenuFramework.framework */ = {isa = PBXFileReference; lastKnownFileType = wrapper.framework; name = PageMenuFramework.framework; path = Carthage/Build/iOS/PageMenuFramework.framework; sourceTree = "<group>"; };
		732BA0211C5ADC3100C1CDB5 /* PageMenuFramework.framework.dSYM */ = {isa = PBXFileReference; lastKnownFileType = wrapper.dsym; name = PageMenuFramework.framework.dSYM; path = Carthage/Build/iOS/PageMenuFramework.framework.dSYM; sourceTree = "<group>"; };
		732BA0231C5AE75900C1CDB5 /* ProgressPageViewController.xib */ = {isa = PBXFileReference; fileEncoding = 4; lastKnownFileType = file.xib; path = ProgressPageViewController.xib; sourceTree = SOURCE_ROOT; };
		732BA0251C5AE8EF00C1CDB5 /* CardViewCell.xib */ = {isa = PBXFileReference; fileEncoding = 4; lastKnownFileType = file.xib; path = CardViewCell.xib; sourceTree = SOURCE_ROOT; };
		732BA0271C5AE8F900C1CDB5 /* SectionViewCell.xib */ = {isa = PBXFileReference; fileEncoding = 4; lastKnownFileType = file.xib; path = SectionViewCell.xib; sourceTree = SOURCE_ROOT; };
		732BA0291C5B76DD00C1CDB5 /* CardViewCell.swift */ = {isa = PBXFileReference; fileEncoding = 4; lastKnownFileType = sourcecode.swift; path = CardViewCell.swift; sourceTree = SOURCE_ROOT; };
		732BA02B1C5B76E500C1CDB5 /* SectionViewCell.swift */ = {isa = PBXFileReference; fileEncoding = 4; lastKnownFileType = sourcecode.swift; path = SectionViewCell.swift; sourceTree = SOURCE_ROOT; };
		732BA02D1C5B7A8D00C1CDB5 /* ProgressGeneralViewController.xib */ = {isa = PBXFileReference; fileEncoding = 4; lastKnownFileType = file.xib; path = ProgressGeneralViewController.xib; sourceTree = SOURCE_ROOT; };
		732BA03C1C5BC9D400C1CDB5 /* LaunchScreen.xib */ = {isa = PBXFileReference; fileEncoding = 4; lastKnownFileType = file.xib; path = LaunchScreen.xib; sourceTree = SOURCE_ROOT; };
		732BA0421C5EB9C300C1CDB5 /* CalendarCardViewCell.swift */ = {isa = PBXFileReference; fileEncoding = 4; lastKnownFileType = sourcecode.swift; path = CalendarCardViewCell.swift; sourceTree = SOURCE_ROOT; };
		732BA0441C5EB9CE00C1CDB5 /* CalendarCardViewCell.xib */ = {isa = PBXFileReference; fileEncoding = 4; lastKnownFileType = file.xib; path = CalendarCardViewCell.xib; sourceTree = SOURCE_ROOT; };
		732BA0461C5EBB9900C1CDB5 /* CalendarSectionViewCell.xib */ = {isa = PBXFileReference; fileEncoding = 4; lastKnownFileType = file.xib; path = CalendarSectionViewCell.xib; sourceTree = SOURCE_ROOT; };
		732BA0481C5EBBA400C1CDB5 /* CalendarSectionViewCell.swift */ = {isa = PBXFileReference; fileEncoding = 4; lastKnownFileType = sourcecode.swift; path = CalendarSectionViewCell.swift; sourceTree = SOURCE_ROOT; };
		733876D41C4AB163006AABA7 /* LogWorkoutButton.swift */ = {isa = PBXFileReference; fileEncoding = 4; lastKnownFileType = sourcecode.swift; path = LogWorkoutButton.swift; sourceTree = SOURCE_ROOT; };
		733876D91C4ABF88006AABA7 /* RoutineStream.swift */ = {isa = PBXFileReference; fileEncoding = 4; lastKnownFileType = sourcecode.swift; path = RoutineStream.swift; sourceTree = SOURCE_ROOT; };
		733876DC1C4AC829006AABA7 /* Runes.framework.dSYM */ = {isa = PBXFileReference; lastKnownFileType = wrapper.dsym; name = Runes.framework.dSYM; path = Carthage/Build/iOS/Runes.framework.dSYM; sourceTree = "<group>"; };
		733876DD1C4AC829006AABA7 /* SwiftyJSON.framework.dSYM */ = {isa = PBXFileReference; lastKnownFileType = wrapper.dsym; name = SwiftyJSON.framework.dSYM; path = Carthage/Build/iOS/SwiftyJSON.framework.dSYM; sourceTree = "<group>"; };
		7349F6A11C492729009DBE7B /* Runes.framework */ = {isa = PBXFileReference; lastKnownFileType = wrapper.framework; name = Runes.framework; path = Carthage/Build/iOS/Runes.framework; sourceTree = "<group>"; };
		734B6F3E1C4AE7E900CFB6BD /* LogWorkoutController.swift */ = {isa = PBXFileReference; fileEncoding = 4; lastKnownFileType = sourcecode.swift; path = LogWorkoutController.swift; sourceTree = SOURCE_ROOT; };
		734B6F411C4BAC6A00CFB6BD /* CalendarViewController.swift */ = {isa = PBXFileReference; fileEncoding = 4; lastKnownFileType = sourcecode.swift; path = CalendarViewController.swift; sourceTree = SOURCE_ROOT; };
		734B6F961C4BB73D00CFB6BD /* CVAuxiliaryView.swift */ = {isa = PBXFileReference; fileEncoding = 4; lastKnownFileType = sourcecode.swift; name = CVAuxiliaryView.swift; path = BodyweightFitness/Frameworks/Calendar/CVAuxiliaryView.swift; sourceTree = "<group>"; };
		734B6F971C4BB73D00CFB6BD /* CVCalendarContentViewController.swift */ = {isa = PBXFileReference; fileEncoding = 4; lastKnownFileType = sourcecode.swift; name = CVCalendarContentViewController.swift; path = BodyweightFitness/Frameworks/Calendar/CVCalendarContentViewController.swift; sourceTree = "<group>"; };
		734B6F981C4BB73D00CFB6BD /* CVCalendarDayView.swift */ = {isa = PBXFileReference; fileEncoding = 4; lastKnownFileType = sourcecode.swift; name = CVCalendarDayView.swift; path = BodyweightFitness/Frameworks/Calendar/CVCalendarDayView.swift; sourceTree = "<group>"; };
		734B6F991C4BB73D00CFB6BD /* CVCalendarDayViewControlCoordinator.swift */ = {isa = PBXFileReference; fileEncoding = 4; lastKnownFileType = sourcecode.swift; name = CVCalendarDayViewControlCoordinator.swift; path = BodyweightFitness/Frameworks/Calendar/CVCalendarDayViewControlCoordinator.swift; sourceTree = "<group>"; };
		734B6F9A1C4BB73D00CFB6BD /* CVCalendarManager.swift */ = {isa = PBXFileReference; fileEncoding = 4; lastKnownFileType = sourcecode.swift; name = CVCalendarManager.swift; path = BodyweightFitness/Frameworks/Calendar/CVCalendarManager.swift; sourceTree = "<group>"; };
		734B6F9B1C4BB73D00CFB6BD /* CVCalendarMenuView.swift */ = {isa = PBXFileReference; fileEncoding = 4; lastKnownFileType = sourcecode.swift; name = CVCalendarMenuView.swift; path = BodyweightFitness/Frameworks/Calendar/CVCalendarMenuView.swift; sourceTree = "<group>"; };
		734B6F9C1C4BB73D00CFB6BD /* CVCalendarMenuViewDelegate.swift */ = {isa = PBXFileReference; fileEncoding = 4; lastKnownFileType = sourcecode.swift; name = CVCalendarMenuViewDelegate.swift; path = BodyweightFitness/Frameworks/Calendar/CVCalendarMenuViewDelegate.swift; sourceTree = "<group>"; };
		734B6F9D1C4BB73D00CFB6BD /* CVCalendarMonthContentViewController.swift */ = {isa = PBXFileReference; fileEncoding = 4; lastKnownFileType = sourcecode.swift; name = CVCalendarMonthContentViewController.swift; path = BodyweightFitness/Frameworks/Calendar/CVCalendarMonthContentViewController.swift; sourceTree = "<group>"; };
		734B6F9E1C4BB73D00CFB6BD /* CVCalendarMonthView.swift */ = {isa = PBXFileReference; fileEncoding = 4; lastKnownFileType = sourcecode.swift; name = CVCalendarMonthView.swift; path = BodyweightFitness/Frameworks/Calendar/CVCalendarMonthView.swift; sourceTree = "<group>"; };
		734B6F9F1C4BB73D00CFB6BD /* CVCalendarTouchController.swift */ = {isa = PBXFileReference; fileEncoding = 4; lastKnownFileType = sourcecode.swift; name = CVCalendarTouchController.swift; path = BodyweightFitness/Frameworks/Calendar/CVCalendarTouchController.swift; sourceTree = "<group>"; };
		734B6FA01C4BB73D00CFB6BD /* CVCalendarView.swift */ = {isa = PBXFileReference; fileEncoding = 4; lastKnownFileType = sourcecode.swift; name = CVCalendarView.swift; path = BodyweightFitness/Frameworks/Calendar/CVCalendarView.swift; sourceTree = "<group>"; };
		734B6FA11C4BB73D00CFB6BD /* CVCalendarViewAnimator.swift */ = {isa = PBXFileReference; fileEncoding = 4; lastKnownFileType = sourcecode.swift; name = CVCalendarViewAnimator.swift; path = BodyweightFitness/Frameworks/Calendar/CVCalendarViewAnimator.swift; sourceTree = "<group>"; };
		734B6FA21C4BB73D00CFB6BD /* CVCalendarViewAnimatorDelegate.swift */ = {isa = PBXFileReference; fileEncoding = 4; lastKnownFileType = sourcecode.swift; name = CVCalendarViewAnimatorDelegate.swift; path = BodyweightFitness/Frameworks/Calendar/CVCalendarViewAnimatorDelegate.swift; sourceTree = "<group>"; };
		734B6FA31C4BB73D00CFB6BD /* CVCalendarViewAppearance.swift */ = {isa = PBXFileReference; fileEncoding = 4; lastKnownFileType = sourcecode.swift; name = CVCalendarViewAppearance.swift; path = BodyweightFitness/Frameworks/Calendar/CVCalendarViewAppearance.swift; sourceTree = "<group>"; };
		734B6FA41C4BB73D00CFB6BD /* CVCalendarViewAppearanceDelegate.swift */ = {isa = PBXFileReference; fileEncoding = 4; lastKnownFileType = sourcecode.swift; name = CVCalendarViewAppearanceDelegate.swift; path = BodyweightFitness/Frameworks/Calendar/CVCalendarViewAppearanceDelegate.swift; sourceTree = "<group>"; };
		734B6FA51C4BB73D00CFB6BD /* CVCalendarViewDelegate.swift */ = {isa = PBXFileReference; fileEncoding = 4; lastKnownFileType = sourcecode.swift; name = CVCalendarViewDelegate.swift; path = BodyweightFitness/Frameworks/Calendar/CVCalendarViewDelegate.swift; sourceTree = "<group>"; };
		734B6FA61C4BB73D00CFB6BD /* CVCalendarViewPresentationMode.swift */ = {isa = PBXFileReference; fileEncoding = 4; lastKnownFileType = sourcecode.swift; name = CVCalendarViewPresentationMode.swift; path = BodyweightFitness/Frameworks/Calendar/CVCalendarViewPresentationMode.swift; sourceTree = "<group>"; };
		734B6FA71C4BB73D00CFB6BD /* CVCalendarWeekContentViewController.swift */ = {isa = PBXFileReference; fileEncoding = 4; lastKnownFileType = sourcecode.swift; name = CVCalendarWeekContentViewController.swift; path = BodyweightFitness/Frameworks/Calendar/CVCalendarWeekContentViewController.swift; sourceTree = "<group>"; };
		734B6FA81C4BB73D00CFB6BD /* CVCalendarWeekday.swift */ = {isa = PBXFileReference; fileEncoding = 4; lastKnownFileType = sourcecode.swift; name = CVCalendarWeekday.swift; path = BodyweightFitness/Frameworks/Calendar/CVCalendarWeekday.swift; sourceTree = "<group>"; };
		734B6FA91C4BB73D00CFB6BD /* CVCalendarWeekView.swift */ = {isa = PBXFileReference; fileEncoding = 4; lastKnownFileType = sourcecode.swift; name = CVCalendarWeekView.swift; path = BodyweightFitness/Frameworks/Calendar/CVCalendarWeekView.swift; sourceTree = "<group>"; };
		734B6FAA1C4BB73D00CFB6BD /* CVDate.swift */ = {isa = PBXFileReference; fileEncoding = 4; lastKnownFileType = sourcecode.swift; name = CVDate.swift; path = BodyweightFitness/Frameworks/Calendar/CVDate.swift; sourceTree = "<group>"; };
		734B6FAB1C4BB73D00CFB6BD /* CVRange.swift */ = {isa = PBXFileReference; fileEncoding = 4; lastKnownFileType = sourcecode.swift; name = CVRange.swift; path = BodyweightFitness/Frameworks/Calendar/CVRange.swift; sourceTree = "<group>"; };
		734B6FAC1C4BB73D00CFB6BD /* CVScrollDirection.swift */ = {isa = PBXFileReference; fileEncoding = 4; lastKnownFileType = sourcecode.swift; name = CVScrollDirection.swift; path = BodyweightFitness/Frameworks/Calendar/CVScrollDirection.swift; sourceTree = "<group>"; };
		734B6FAD1C4BB73D00CFB6BD /* CVSelectionType.swift */ = {isa = PBXFileReference; fileEncoding = 4; lastKnownFileType = sourcecode.swift; name = CVSelectionType.swift; path = BodyweightFitness/Frameworks/Calendar/CVSelectionType.swift; sourceTree = "<group>"; };
		734B6FAE1C4BB73D00CFB6BD /* CVSet.swift */ = {isa = PBXFileReference; fileEncoding = 4; lastKnownFileType = sourcecode.swift; name = CVSet.swift; path = BodyweightFitness/Frameworks/Calendar/CVSet.swift; sourceTree = "<group>"; };
		734B6FAF1C4BB73D00CFB6BD /* CVShape.swift */ = {isa = PBXFileReference; fileEncoding = 4; lastKnownFileType = sourcecode.swift; name = CVShape.swift; path = BodyweightFitness/Frameworks/Calendar/CVShape.swift; sourceTree = "<group>"; };
		734B6FB01C4BB73D00CFB6BD /* CVWeekdaySymbolType.swift */ = {isa = PBXFileReference; fileEncoding = 4; lastKnownFileType = sourcecode.swift; name = CVWeekdaySymbolType.swift; path = BodyweightFitness/Frameworks/Calendar/CVWeekdaySymbolType.swift; sourceTree = "<group>"; };
		734B6FE71C4BE84600CFB6BD /* Realm.framework */ = {isa = PBXFileReference; lastKnownFileType = wrapper.framework; name = Realm.framework; path = Carthage/Build/iOS/Realm.framework; sourceTree = "<group>"; };
		734B6FE81C4BE84600CFB6BD /* RealmSwift.framework */ = {isa = PBXFileReference; lastKnownFileType = wrapper.framework; name = RealmSwift.framework; path = Carthage/Build/iOS/RealmSwift.framework; sourceTree = "<group>"; };
		734B6FF71C4BE8CB00CFB6BD /* Realm.framework.dSYM */ = {isa = PBXFileReference; lastKnownFileType = wrapper.dsym; name = Realm.framework.dSYM; path = Carthage/Build/iOS/Realm.framework.dSYM; sourceTree = "<group>"; };
		734B6FF81C4BE8CB00CFB6BD /* RealmSwift.framework.dSYM */ = {isa = PBXFileReference; lastKnownFileType = wrapper.dsym; name = RealmSwift.framework.dSYM; path = Carthage/Build/iOS/RealmSwift.framework.dSYM; sourceTree = "<group>"; };
		734B6FFE1C4BF46400CFB6BD /* RepositorySet.swift */ = {isa = PBXFileReference; fileEncoding = 4; lastKnownFileType = sourcecode.swift; path = RepositorySet.swift; sourceTree = SOURCE_ROOT; };
		734B70011C4BF57600CFB6BD /* RepositoryStream.swift */ = {isa = PBXFileReference; fileEncoding = 4; lastKnownFileType = sourcecode.swift; path = RepositoryStream.swift; sourceTree = SOURCE_ROOT; };
		734B70041C4BF7C700CFB6BD /* RepositoryRoutine.swift */ = {isa = PBXFileReference; fileEncoding = 4; lastKnownFileType = sourcecode.swift; path = RepositoryRoutine.swift; sourceTree = SOURCE_ROOT; };
		734B70071C4BF7DD00CFB6BD /* RepositoryCategory.swift */ = {isa = PBXFileReference; fileEncoding = 4; lastKnownFileType = sourcecode.swift; path = RepositoryCategory.swift; sourceTree = SOURCE_ROOT; };
		734B700A1C4BF7E900CFB6BD /* RepositorySection.swift */ = {isa = PBXFileReference; fileEncoding = 4; lastKnownFileType = sourcecode.swift; path = RepositorySection.swift; sourceTree = SOURCE_ROOT; };
		7366D8D01C4EE9CC00819790 /* ProgressViewController.swift */ = {isa = PBXFileReference; fileEncoding = 4; lastKnownFileType = sourcecode.swift; path = ProgressViewController.swift; sourceTree = SOURCE_ROOT; };
		7366D8DC1C4EEFD500819790 /* ProgressPageViewController.swift */ = {isa = PBXFileReference; fileEncoding = 4; lastKnownFileType = sourcecode.swift; path = ProgressPageViewController.swift; sourceTree = SOURCE_ROOT; };
		7366D8E01C51810600819790 /* Extensions.swift */ = {isa = PBXFileReference; fileEncoding = 4; lastKnownFileType = sourcecode.swift; path = Extensions.swift; sourceTree = SOURCE_ROOT; };
		7366D8E31C51AD5900819790 /* SwiftCharts.framework */ = {isa = PBXFileReference; lastKnownFileType = wrapper.framework; name = SwiftCharts.framework; path = Carthage/Build/iOS/SwiftCharts.framework; sourceTree = "<group>"; };
		7366D8E61C51AD9600819790 /* SwiftCharts.framework.dSYM */ = {isa = PBXFileReference; lastKnownFileType = wrapper.dsym; name = SwiftCharts.framework.dSYM; path = Carthage/Build/iOS/SwiftCharts.framework.dSYM; sourceTree = "<group>"; };
		7366D8E91C52416C00819790 /* SupportDeveloperViewController.swift */ = {isa = PBXFileReference; fileEncoding = 4; lastKnownFileType = sourcecode.swift; path = SupportDeveloperViewController.swift; sourceTree = SOURCE_ROOT; };
		7366D8EC1C52943D00819790 /* StoreKit.framework */ = {isa = PBXFileReference; lastKnownFileType = wrapper.framework; name = StoreKit.framework; path = System/Library/Frameworks/StoreKit.framework; sourceTree = SDKROOT; };
		73AA28E91CABE69200DEED79 /* DashboardViewController.swift */ = {isa = PBXFileReference; fileEncoding = 4; lastKnownFileType = sourcecode.swift; path = DashboardViewController.swift; sourceTree = SOURCE_ROOT; };
		73AA28EC1CABE8F800DEED79 /* DashboardView.xib */ = {isa = PBXFileReference; fileEncoding = 4; lastKnownFileType = file.xib; path = DashboardView.xib; sourceTree = SOURCE_ROOT; };
		73AA28EE1CB7ABB500DEED79 /* DashboardSectionViewCell.xib */ = {isa = PBXFileReference; fileEncoding = 4; lastKnownFileType = file.xib; path = DashboardSectionViewCell.xib; sourceTree = SOURCE_ROOT; };
		73AA28F01CB7ABC300DEED79 /* DashboardSectionViewCell.swift */ = {isa = PBXFileReference; fileEncoding = 4; lastKnownFileType = sourcecode.swift; path = DashboardSectionViewCell.swift; sourceTree = SOURCE_ROOT; };
		73AA28F21CB7ACC100DEED79 /* DashboardCategoryViewCell.swift */ = {isa = PBXFileReference; fileEncoding = 4; lastKnownFileType = sourcecode.swift; path = DashboardCategoryViewCell.swift; sourceTree = SOURCE_ROOT; };
		73AA28F41CB7ACCC00DEED79 /* DashboardCategoryViewCell.xib */ = {isa = PBXFileReference; fileEncoding = 4; lastKnownFileType = file.xib; path = DashboardCategoryViewCell.xib; sourceTree = SOURCE_ROOT; };
		73AA28F61CB7ACD900DEED79 /* DashboardSingleItemViewCell.xib */ = {isa = PBXFileReference; fileEncoding = 4; lastKnownFileType = file.xib; path = DashboardSingleItemViewCell.xib; sourceTree = SOURCE_ROOT; };
		73AA28F81CB7ACE300DEED79 /* DashboardDoubleItemViewCell.xib */ = {isa = PBXFileReference; fileEncoding = 4; lastKnownFileType = file.xib; path = DashboardDoubleItemViewCell.xib; sourceTree = SOURCE_ROOT; };
		73AA28FA1CB7ACEB00DEED79 /* DashboardSingleItemViewCell.swift */ = {isa = PBXFileReference; fileEncoding = 4; lastKnownFileType = sourcecode.swift; path = DashboardSingleItemViewCell.swift; sourceTree = SOURCE_ROOT; };
		73AA28FC1CB7ACF500DEED79 /* DashboardDoubleItemViewCell.swift */ = {isa = PBXFileReference; fileEncoding = 4; lastKnownFileType = sourcecode.swift; path = DashboardDoubleItemViewCell.swift; sourceTree = SOURCE_ROOT; };
		73BFEBB71CBA889400B9DDAE /* Material.framework */ = {isa = PBXFileReference; lastKnownFileType = wrapper.framework; name = Material.framework; path = Carthage/Build/iOS/Material.framework; sourceTree = "<group>"; };
		73BFEBB91CBA8A4700B9DDAE /* Material.framework.dSYM */ = {isa = PBXFileReference; lastKnownFileType = wrapper.dsym; name = Material.framework.dSYM; path = Carthage/Build/iOS/Material.framework.dSYM; sourceTree = "<group>"; };
		73BFEBBD1CBAC94300B9DDAE /* WeightUnitCell.swift */ = {isa = PBXFileReference; fileEncoding = 4; lastKnownFileType = sourcecode.swift; path = WeightUnitCell.swift; sourceTree = SOURCE_ROOT; };
		73BFEBBF1CBAE19A00B9DDAE /* DevelopedByCell.swift */ = {isa = PBXFileReference; fileEncoding = 4; lastKnownFileType = sourcecode.swift; path = DevelopedByCell.swift; sourceTree = SOURCE_ROOT; };
		73BFEBC11CBAEDD800B9DDAE /* SnackBar.swift */ = {isa = PBXFileReference; fileEncoding = 4; lastKnownFileType = sourcecode.swift; path = SnackBar.swift; sourceTree = "<group>"; };
		73BFEBC31CBBFA3900B9DDAE /* SupportDeveloperView.xib */ = {isa = PBXFileReference; fileEncoding = 4; lastKnownFileType = file.xib; path = SupportDeveloperView.xib; sourceTree = SOURCE_ROOT; };
		73BFEC041CBC2C9A00B9DDAE /* Fabric.framework */ = {isa = PBXFileReference; lastKnownFileType = wrapper.framework; path = Fabric.framework; sourceTree = "<group>"; };
		73BFEC051CBC2C9A00B9DDAE /* Crashlytics.framework */ = {isa = PBXFileReference; lastKnownFileType = wrapper.framework; path = Crashlytics.framework; sourceTree = "<group>"; };
		73C8E4AE1C5A1D30005E0248 /* ProgressGeneralViewController.swift */ = {isa = PBXFileReference; fileEncoding = 4; lastKnownFileType = sourcecode.swift; path = ProgressGeneralViewController.swift; sourceTree = SOURCE_ROOT; };
		73D2BCE51C3C633200CE6C00 /* SideViewController.swift */ = {isa = PBXFileReference; fileEncoding = 4; lastKnownFileType = sourcecode.swift; path = SideViewController.swift; sourceTree = SOURCE_ROOT; };
		73D2BCEC1C3C6D6600CE6C00 /* SwiftyJSON.framework */ = {isa = PBXFileReference; lastKnownFileType = wrapper.framework; name = SwiftyJSON.framework; path = Carthage/Build/iOS/SwiftyJSON.framework; sourceTree = "<group>"; };
		73FE1F5A1C4BF82A0047C97A /* RepositoryExercise.swift */ = {isa = PBXFileReference; fileEncoding = 4; lastKnownFileType = sourcecode.swift; path = RepositoryExercise.swift; sourceTree = SOURCE_ROOT; };
		E0C7E3041B5BC12B00EB6389 /* AnimatableImageView.swift */ = {isa = PBXFileReference; fileEncoding = 4; lastKnownFileType = sourcecode.swift; name = AnimatableImageView.swift; path = BodyweightFitness/Frameworks/AnimatableImageView.swift; sourceTree = "<group>"; };
		E0C7E3051B5BC12B00EB6389 /* AnimatedFrame.swift */ = {isa = PBXFileReference; fileEncoding = 4; lastKnownFileType = sourcecode.swift; name = AnimatedFrame.swift; path = BodyweightFitness/Frameworks/AnimatedFrame.swift; sourceTree = "<group>"; };
		E0C7E3061B5BC12B00EB6389 /* Animator.swift */ = {isa = PBXFileReference; fileEncoding = 4; lastKnownFileType = sourcecode.swift; name = Animator.swift; path = BodyweightFitness/Frameworks/Animator.swift; sourceTree = "<group>"; };
		E0C7E3091B5BC12B00EB6389 /* ImageSourceHelpers.swift */ = {isa = PBXFileReference; fileEncoding = 4; lastKnownFileType = sourcecode.swift; name = ImageSourceHelpers.swift; path = BodyweightFitness/Frameworks/ImageSourceHelpers.swift; sourceTree = "<group>"; };
		E0C7E30C1B5BC12B00EB6389 /* UIImageExtension.swift */ = {isa = PBXFileReference; fileEncoding = 4; lastKnownFileType = sourcecode.swift; name = UIImageExtension.swift; path = BodyweightFitness/Frameworks/UIImageExtension.swift; sourceTree = "<group>"; };
		E0CA1FC41BACA58D00FF6F8C /* TimerController.swift */ = {isa = PBXFileReference; fileEncoding = 4; lastKnownFileType = sourcecode.swift; name = TimerController.swift; path = BodyweightFitness/Controller/TimerController.swift; sourceTree = SOURCE_ROOT; };
		E0CA1FC71BACA5A000FF6F8C /* PersistenceManager.swift */ = {isa = PBXFileReference; fileEncoding = 4; lastKnownFileType = sourcecode.swift; name = PersistenceManager.swift; path = BodyweightFitness/Service/PersistenceManager.swift; sourceTree = SOURCE_ROOT; };
		E0F5870E1B52728E00540104 /* RoutineTests.swift */ = {isa = PBXFileReference; fileEncoding = 4; lastKnownFileType = sourcecode.swift; name = RoutineTests.swift; path = BodyweightFitnessTests/RoutineTests.swift; sourceTree = SOURCE_ROOT; };
		E0F587101B52729B00540104 /* Info.plist */ = {isa = PBXFileReference; fileEncoding = 4; lastKnownFileType = text.plist.xml; name = Info.plist; path = BodyweightFitnessTests/Info.plist; sourceTree = SOURCE_ROOT; };
		E0F5872C1B5272C400540104 /* AppDelegate.swift */ = {isa = PBXFileReference; fileEncoding = 4; lastKnownFileType = sourcecode.swift; name = AppDelegate.swift; path = BodyweightFitness/AppDelegate.swift; sourceTree = SOURCE_ROOT; };
		E0F587301B5272E200540104 /* Routine.swift */ = {isa = PBXFileReference; fileEncoding = 4; lastKnownFileType = sourcecode.swift; name = Routine.swift; path = BodyweightFitness/Model/Routine.swift; sourceTree = SOURCE_ROOT; };
		E0F587331B5272F400540104 /* ActionView.swift */ = {isa = PBXFileReference; fileEncoding = 4; lastKnownFileType = sourcecode.swift; name = ActionView.swift; path = BodyweightFitness/View/ActionView.swift; sourceTree = SOURCE_ROOT; };
		E0F587381B52730000540104 /* SettingsController.swift */ = {isa = PBXFileReference; fileEncoding = 4; lastKnownFileType = sourcecode.swift; name = SettingsController.swift; path = BodyweightFitness/Controller/SettingsController.swift; sourceTree = SOURCE_ROOT; };
		E0F587391B52730000540104 /* TimePickerController.swift */ = {isa = PBXFileReference; fileEncoding = 4; lastKnownFileType = sourcecode.swift; name = TimePickerController.swift; path = BodyweightFitness/Controller/TimePickerController.swift; sourceTree = SOURCE_ROOT; };
		E0F587421B52730C00540104 /* Base */ = {isa = PBXFileReference; lastKnownFileType = file.storyboard; name = Base; path = BodyweightFitness/Base.lproj/Main.storyboard; sourceTree = SOURCE_ROOT; };
		E0F587441B52730C00540104 /* Base */ = {isa = PBXFileReference; lastKnownFileType = file.xib; name = Base; path = BodyweightFitness/Base.lproj/TimePicker.xib; sourceTree = SOURCE_ROOT; };
		E0F587481B52731C00540104 /* finished.mp3 */ = {isa = PBXFileReference; lastKnownFileType = audio.mp3; name = finished.mp3; path = BodyweightFitness/Resources/finished.mp3; sourceTree = SOURCE_ROOT; };
		E0F587491B52731C00540104 /* Routine.json */ = {isa = PBXFileReference; fileEncoding = 4; lastKnownFileType = text.json; name = Routine.json; path = BodyweightFitness/Resources/Routine.json; sourceTree = SOURCE_ROOT; };
		E0F5874D1B52733100540104 /* advanced_tuck_front_lever_row.gif */ = {isa = PBXFileReference; lastKnownFileType = image.gif; name = advanced_tuck_front_lever_row.gif; path = BodyweightFitness/Resources/Gifs/advanced_tuck_front_lever_row.gif; sourceTree = SOURCE_ROOT; };
		E0F5874E1B52733100540104 /* arch.gif */ = {isa = PBXFileReference; lastKnownFileType = image.gif; name = arch.gif; path = BodyweightFitness/Resources/Gifs/arch.gif; sourceTree = SOURCE_ROOT; };
		E0F5874F1B52733100540104 /* assisted_squat.gif */ = {isa = PBXFileReference; lastKnownFileType = image.gif; name = assisted_squat.gif; path = BodyweightFitness/Resources/Gifs/assisted_squat.gif; sourceTree = SOURCE_ROOT; };
		E0F587501B52733100540104 /* band_dislocates.gif */ = {isa = PBXFileReference; lastKnownFileType = image.gif; name = band_dislocates.gif; path = BodyweightFitness/Resources/Gifs/band_dislocates.gif; sourceTree = SOURCE_ROOT; };
		E0F587511B52733100540104 /* bodyweight_squat.gif */ = {isa = PBXFileReference; lastKnownFileType = image.gif; name = bodyweight_squat.gif; path = BodyweightFitness/Resources/Gifs/bodyweight_squat.gif; sourceTree = SOURCE_ROOT; };
		E0F587521B52733100540104 /* burpee.gif */ = {isa = PBXFileReference; lastKnownFileType = image.gif; name = burpee.gif; path = BodyweightFitness/Resources/Gifs/burpee.gif; sourceTree = SOURCE_ROOT; };
		E0F587531B52733100540104 /* cat_camel.gif */ = {isa = PBXFileReference; lastKnownFileType = image.gif; name = cat_camel.gif; path = BodyweightFitness/Resources/Gifs/cat_camel.gif; sourceTree = SOURCE_ROOT; };
		E0F587541B52733100540104 /* deep_stepup.gif */ = {isa = PBXFileReference; lastKnownFileType = image.gif; name = deep_stepup.gif; path = BodyweightFitness/Resources/Gifs/deep_stepup.gif; sourceTree = SOURCE_ROOT; };
		E0F587551B52733100540104 /* diamond_pushup.gif */ = {isa = PBXFileReference; lastKnownFileType = image.gif; name = diamond_pushup.gif; path = BodyweightFitness/Resources/Gifs/diamond_pushup.gif; sourceTree = SOURCE_ROOT; };
		E0F587561B52733100540104 /* floor_l_sit.gif */ = {isa = PBXFileReference; lastKnownFileType = image.gif; name = floor_l_sit.gif; path = BodyweightFitness/Resources/Gifs/floor_l_sit.gif; sourceTree = SOURCE_ROOT; };
		E0F587571B52733100540104 /* freestanding_handstand.gif */ = {isa = PBXFileReference; lastKnownFileType = image.gif; name = freestanding_handstand.gif; path = BodyweightFitness/Resources/Gifs/freestanding_handstand.gif; sourceTree = SOURCE_ROOT; };
		E0F587581B52733100540104 /* full_body_circles.gif */ = {isa = PBXFileReference; lastKnownFileType = image.gif; name = full_body_circles.gif; path = BodyweightFitness/Resources/Gifs/full_body_circles.gif; sourceTree = SOURCE_ROOT; };
		E0F587591B52733100540104 /* hollow_hold.gif */ = {isa = PBXFileReference; lastKnownFileType = image.gif; name = hollow_hold.gif; path = BodyweightFitness/Resources/Gifs/hollow_hold.gif; sourceTree = SOURCE_ROOT; };
		E0F5875A1B52733100540104 /* horizontal_row.gif */ = {isa = PBXFileReference; lastKnownFileType = image.gif; name = horizontal_row.gif; path = BodyweightFitness/Resources/Gifs/horizontal_row.gif; sourceTree = SOURCE_ROOT; };
		E0F5875B1B52733100540104 /* incline_pushup.gif */ = {isa = PBXFileReference; lastKnownFileType = image.gif; name = incline_pushup.gif; path = BodyweightFitness/Resources/Gifs/incline_pushup.gif; sourceTree = SOURCE_ROOT; };
		E0F5875C1B52733100540104 /* incline_row.gif */ = {isa = PBXFileReference; lastKnownFileType = image.gif; name = incline_row.gif; path = BodyweightFitness/Resources/Gifs/incline_row.gif; sourceTree = SOURCE_ROOT; };
		E0F5875D1B52733100540104 /* l_ring_dips.gif */ = {isa = PBXFileReference; lastKnownFileType = image.gif; name = l_ring_dips.gif; path = BodyweightFitness/Resources/Gifs/l_ring_dips.gif; sourceTree = SOURCE_ROOT; };
		E0F5875E1B52733100540104 /* l_sit.gif */ = {isa = PBXFileReference; lastKnownFileType = image.gif; name = l_sit.gif; path = BodyweightFitness/Resources/Gifs/l_sit.gif; sourceTree = SOURCE_ROOT; };
		E0F5875F1B52733100540104 /* leg_swings.gif */ = {isa = PBXFileReference; lastKnownFileType = image.gif; name = leg_swings.gif; path = BodyweightFitness/Resources/Gifs/leg_swings.gif; sourceTree = SOURCE_ROOT; };
		E0F587601B52733100540104 /* lsit_pullup.gif */ = {isa = PBXFileReference; lastKnownFileType = image.gif; name = lsit_pullup.gif; path = BodyweightFitness/Resources/Gifs/lsit_pullup.gif; sourceTree = SOURCE_ROOT; };
		E0F587611B52733100540104 /* negative_pullup.gif */ = {isa = PBXFileReference; lastKnownFileType = image.gif; name = negative_pullup.gif; path = BodyweightFitness/Resources/Gifs/negative_pullup.gif; sourceTree = SOURCE_ROOT; };
		E0F587621B52733100540104 /* one_foot_l_sit.gif */ = {isa = PBXFileReference; lastKnownFileType = image.gif; name = one_foot_l_sit.gif; path = BodyweightFitness/Resources/Gifs/one_foot_l_sit.gif; sourceTree = SOURCE_ROOT; };
		E0F587631B52733100540104 /* parallel_bar_dips.gif */ = {isa = PBXFileReference; lastKnownFileType = image.gif; name = parallel_bar_dips.gif; path = BodyweightFitness/Resources/Gifs/parallel_bar_dips.gif; sourceTree = SOURCE_ROOT; };
		E0F587641B52733100540104 /* parallel_bar_hold.gif */ = {isa = PBXFileReference; lastKnownFileType = image.gif; name = parallel_bar_hold.gif; path = BodyweightFitness/Resources/Gifs/parallel_bar_hold.gif; sourceTree = SOURCE_ROOT; };
		E0F587651B52733100540104 /* plank.gif */ = {isa = PBXFileReference; lastKnownFileType = image.gif; name = plank.gif; path = BodyweightFitness/Resources/Gifs/plank.gif; sourceTree = SOURCE_ROOT; };
		E0F587661B52733100540104 /* pseudo_planche_pushup.gif */ = {isa = PBXFileReference; lastKnownFileType = image.gif; name = pseudo_planche_pushup.gif; path = BodyweightFitness/Resources/Gifs/pseudo_planche_pushup.gif; sourceTree = SOURCE_ROOT; };
		E0F587671B52733100540104 /* pseudo_planche.gif */ = {isa = PBXFileReference; lastKnownFileType = image.gif; name = pseudo_planche.gif; path = BodyweightFitness/Resources/Gifs/pseudo_planche.gif; sourceTree = SOURCE_ROOT; };
		E0F587681B52733100540104 /* pullover.gif */ = {isa = PBXFileReference; lastKnownFileType = image.gif; name = pullover.gif; path = BodyweightFitness/Resources/Gifs/pullover.gif; sourceTree = SOURCE_ROOT; };
		E0F587691B52733100540104 /* pullup.gif */ = {isa = PBXFileReference; lastKnownFileType = image.gif; name = pullup.gif; path = BodyweightFitness/Resources/Gifs/pullup.gif; sourceTree = SOURCE_ROOT; };
		E0F5876A1B52733100540104 /* pushup.gif */ = {isa = PBXFileReference; lastKnownFileType = image.gif; name = pushup.gif; path = BodyweightFitness/Resources/Gifs/pushup.gif; sourceTree = SOURCE_ROOT; };
		E0F5876B1B52733100540104 /* reverse_plank.gif */ = {isa = PBXFileReference; lastKnownFileType = image.gif; name = reverse_plank.gif; path = BodyweightFitness/Resources/Gifs/reverse_plank.gif; sourceTree = SOURCE_ROOT; };
		E0F5876C1B52733100540104 /* ring_dips.gif */ = {isa = PBXFileReference; lastKnownFileType = image.gif; name = ring_dips.gif; path = BodyweightFitness/Resources/Gifs/ring_dips.gif; sourceTree = SOURCE_ROOT; };
		E0F5876D1B52733100540104 /* ring_pushup.gif */ = {isa = PBXFileReference; lastKnownFileType = image.gif; name = ring_pushup.gif; path = BodyweightFitness/Resources/Gifs/ring_pushup.gif; sourceTree = SOURCE_ROOT; };
		E0F5876E1B52733100540104 /* ring_support.gif */ = {isa = PBXFileReference; lastKnownFileType = image.gif; name = ring_support.gif; path = BodyweightFitness/Resources/Gifs/ring_support.gif; sourceTree = SOURCE_ROOT; };
		E0F5876F1B52733100540104 /* rings_turned_out_pushup.gif */ = {isa = PBXFileReference; lastKnownFileType = image.gif; name = rings_turned_out_pushup.gif; path = BodyweightFitness/Resources/Gifs/rings_turned_out_pushup.gif; sourceTree = SOURCE_ROOT; };
		E0F587701B52733100540104 /* rings_turned_out_support.gif */ = {isa = PBXFileReference; lastKnownFileType = image.gif; name = rings_turned_out_support.gif; path = BodyweightFitness/Resources/Gifs/rings_turned_out_support.gif; sourceTree = SOURCE_ROOT; };
		E0F587711B52733100540104 /* scapular_shrugs.gif */ = {isa = PBXFileReference; lastKnownFileType = image.gif; name = scapular_shrugs.gif; path = BodyweightFitness/Resources/Gifs/scapular_shrugs.gif; sourceTree = SOURCE_ROOT; };
		E0F587721B52733100540104 /* side_plank.gif */ = {isa = PBXFileReference; lastKnownFileType = image.gif; name = side_plank.gif; path = BodyweightFitness/Resources/Gifs/side_plank.gif; sourceTree = SOURCE_ROOT; };
		E0F587731B52733100540104 /* squat_jumps.gif */ = {isa = PBXFileReference; lastKnownFileType = image.gif; name = squat_jumps.gif; path = BodyweightFitness/Resources/Gifs/squat_jumps.gif; sourceTree = SOURCE_ROOT; };
		E0F587741B52733100540104 /* tuck_front_lever_row.gif */ = {isa = PBXFileReference; lastKnownFileType = image.gif; name = tuck_front_lever_row.gif; path = BodyweightFitness/Resources/Gifs/tuck_front_lever_row.gif; sourceTree = SOURCE_ROOT; };
		E0F587751B52733100540104 /* tuck_front_lever.gif */ = {isa = PBXFileReference; lastKnownFileType = image.gif; name = tuck_front_lever.gif; path = BodyweightFitness/Resources/Gifs/tuck_front_lever.gif; sourceTree = SOURCE_ROOT; };
		E0F587761B52733100540104 /* tuck_ice_cream_maker.gif */ = {isa = PBXFileReference; lastKnownFileType = image.gif; name = tuck_ice_cream_maker.gif; path = BodyweightFitness/Resources/Gifs/tuck_ice_cream_maker.gif; sourceTree = SOURCE_ROOT; };
		E0F587771B52733100540104 /* tuck_l_sit.gif */ = {isa = PBXFileReference; lastKnownFileType = image.gif; name = tuck_l_sit.gif; path = BodyweightFitness/Resources/Gifs/tuck_l_sit.gif; sourceTree = SOURCE_ROOT; };
		E0F587781B52733100540104 /* vertical_row.gif */ = {isa = PBXFileReference; lastKnownFileType = image.gif; name = vertical_row.gif; path = BodyweightFitness/Resources/Gifs/vertical_row.gif; sourceTree = SOURCE_ROOT; };
		E0F587791B52733100540104 /* wall_extensions.gif */ = {isa = PBXFileReference; lastKnownFileType = image.gif; name = wall_extensions.gif; path = BodyweightFitness/Resources/Gifs/wall_extensions.gif; sourceTree = SOURCE_ROOT; };
		E0F5877A1B52733100540104 /* wall_handstand.gif */ = {isa = PBXFileReference; lastKnownFileType = image.gif; name = wall_handstand.gif; path = BodyweightFitness/Resources/Gifs/wall_handstand.gif; sourceTree = SOURCE_ROOT; };
		E0F5877B1B52733100540104 /* wall_plank.gif */ = {isa = PBXFileReference; lastKnownFileType = image.gif; name = wall_plank.gif; path = BodyweightFitness/Resources/Gifs/wall_plank.gif; sourceTree = SOURCE_ROOT; };
		E0F5877C1B52733100540104 /* wall_pushup.gif */ = {isa = PBXFileReference; lastKnownFileType = image.gif; name = wall_pushup.gif; path = BodyweightFitness/Resources/Gifs/wall_pushup.gif; sourceTree = SOURCE_ROOT; };
		E0F5877D1B52733100540104 /* wide_row.gif */ = {isa = PBXFileReference; lastKnownFileType = image.gif; name = wide_row.gif; path = BodyweightFitness/Resources/Gifs/wide_row.gif; sourceTree = SOURCE_ROOT; };
		E0F5877E1B52733100540104 /* wrist_progression.gif */ = {isa = PBXFileReference; lastKnownFileType = image.gif; name = wrist_progression.gif; path = BodyweightFitness/Resources/Gifs/wrist_progression.gif; sourceTree = SOURCE_ROOT; };
		E0F587B11B52734000540104 /* Bodyweight Fitness.plist */ = {isa = PBXFileReference; fileEncoding = 4; lastKnownFileType = text.plist.xml; name = "Bodyweight Fitness.plist"; path = "BodyweightFitness/Bodyweight Fitness.plist"; sourceTree = SOURCE_ROOT; };
		E0F587B31B52734900540104 /* Images.xcassets */ = {isa = PBXFileReference; lastKnownFileType = folder.assetcatalog; name = Images.xcassets; path = BodyweightFitness/Images.xcassets; sourceTree = SOURCE_ROOT; };
/* End PBXFileReference section */

/* Begin PBXFrameworksBuildPhase section */
		2BD2CA801B458FFD00841AB7 /* Frameworks */ = {
			isa = PBXFrameworksBuildPhase;
			buildActionMask = 2147483647;
			files = (
				73BFEBB81CBA889400B9DDAE /* Material.framework in Frameworks */,
				732BA01F1C5ADC1200C1CDB5 /* PageMenuFramework.framework in Frameworks */,
				7366D8E51C51AD6C00819790 /* SwiftCharts.framework in Frameworks */,
				73D2BCED1C3C6D6600CE6C00 /* SwiftyJSON.framework in Frameworks */,
				7366D8ED1C52943D00819790 /* StoreKit.framework in Frameworks */,
				73BFEC061CBC2C9A00B9DDAE /* Fabric.framework in Frameworks */,
				73BFEC071CBC2C9A00B9DDAE /* Crashlytics.framework in Frameworks */,
				7349F6A31C492729009DBE7B /* Runes.framework in Frameworks */,
				734B6FF11C4BE86100CFB6BD /* Realm.framework in Frameworks */,
				734B6FF21C4BE86300CFB6BD /* RealmSwift.framework in Frameworks */,
			);
			runOnlyForDeploymentPostprocessing = 0;
		};
/* End PBXFrameworksBuildPhase section */

/* Begin PBXGroup section */
		2BD2CA7A1B458FFD00841AB7 = {
			isa = PBXGroup;
			children = (
				2BD2CA851B458FFD00841AB7 /* BodyweightFitness */,
				E00242FB1B4F1CFD0003A230 /* Frameworks */,
				2BD2CA9E1B458FFE00841AB7 /* BodyweightFitnessTests */,
				2BD2CA841B458FFD00841AB7 /* Products */,
			);
			sourceTree = "<group>";
		};
		2BD2CA841B458FFD00841AB7 /* Products */ = {
			isa = PBXGroup;
			children = (
				2BD2CA831B458FFD00841AB7 /* Bodyweight Fitness.app */,
			);
			name = Products;
			sourceTree = "<group>";
		};
		2BD2CA851B458FFD00841AB7 /* BodyweightFitness */ = {
			isa = PBXGroup;
			children = (
				E0F5872C1B5272C400540104 /* AppDelegate.swift */,
				7366D8E01C51810600819790 /* Extensions.swift */,
				E078934D1B472CCD001195AC /* Model */,
				E078934C1B472CAF001195AC /* View */,
				73BA31BC1CB83A9B001784F7 /* Controller */,
				73AA28EB1CABE8E000DEED79 /* UI */,
				E02BF7B01B45E2EB00D5CE52 /* RefactorController */,
				E0C7E3241B5BC65000EB6389 /* Service */,
				E00242CB1B4B0E370003A230 /* Layout */,
				E08139041B5270EE00390A73 /* Resources */,
				2BD2CA861B458FFD00841AB7 /* Supporting Files */,
			);
			name = BodyweightFitness;
			path = TabsTest;
			sourceTree = "<group>";
		};
		2BD2CA861B458FFD00841AB7 /* Supporting Files */ = {
			isa = PBXGroup;
			children = (
				E0F587B11B52734000540104 /* Bodyweight Fitness.plist */,
			);
			name = "Supporting Files";
			sourceTree = "<group>";
		};
		2BD2CA9E1B458FFE00841AB7 /* BodyweightFitnessTests */ = {
			isa = PBXGroup;
			children = (
				E0F5870E1B52728E00540104 /* RoutineTests.swift */,
				E0F587101B52729B00540104 /* Info.plist */,
			);
			name = BodyweightFitnessTests;
			path = TabsTestTests;
			sourceTree = "<group>";
		};
		732BA0411C5EB6A600C1CDB5 /* Cell */ = {
			isa = PBXGroup;
			children = (
				732BA0421C5EB9C300C1CDB5 /* CalendarCardViewCell.swift */,
				732BA0441C5EB9CE00C1CDB5 /* CalendarCardViewCell.xib */,
				732BA0481C5EBBA400C1CDB5 /* CalendarSectionViewCell.swift */,
				732BA0461C5EBB9900C1CDB5 /* CalendarSectionViewCell.xib */,
				732BA0291C5B76DD00C1CDB5 /* CardViewCell.swift */,
				732BA0251C5AE8EF00C1CDB5 /* CardViewCell.xib */,
				732BA02B1C5B76E500C1CDB5 /* SectionViewCell.swift */,
				732BA0271C5AE8F900C1CDB5 /* SectionViewCell.xib */,
				73AA28F21CB7ACC100DEED79 /* DashboardCategoryViewCell.swift */,
				73AA28F41CB7ACCC00DEED79 /* DashboardCategoryViewCell.xib */,
				73AA28F01CB7ABC300DEED79 /* DashboardSectionViewCell.swift */,
				73AA28EE1CB7ABB500DEED79 /* DashboardSectionViewCell.xib */,
				73AA28FA1CB7ACEB00DEED79 /* DashboardSingleItemViewCell.swift */,
				73AA28F61CB7ACD900DEED79 /* DashboardSingleItemViewCell.xib */,
				73AA28FC1CB7ACF500DEED79 /* DashboardDoubleItemViewCell.swift */,
				73AA28F81CB7ACE300DEED79 /* DashboardDoubleItemViewCell.xib */,
				73BFEBBD1CBAC94300B9DDAE /* WeightUnitCell.swift */,
				73BFEBBF1CBAE19A00B9DDAE /* DevelopedByCell.swift */,
			);
			name = Cell;
			sourceTree = "<group>";
		};
		734B6F951C4BB72C00CFB6BD /* Calendar */ = {
			isa = PBXGroup;
			children = (
				734B6F961C4BB73D00CFB6BD /* CVAuxiliaryView.swift */,
				734B6F971C4BB73D00CFB6BD /* CVCalendarContentViewController.swift */,
				734B6F981C4BB73D00CFB6BD /* CVCalendarDayView.swift */,
				734B6F991C4BB73D00CFB6BD /* CVCalendarDayViewControlCoordinator.swift */,
				734B6F9A1C4BB73D00CFB6BD /* CVCalendarManager.swift */,
				734B6F9B1C4BB73D00CFB6BD /* CVCalendarMenuView.swift */,
				734B6F9C1C4BB73D00CFB6BD /* CVCalendarMenuViewDelegate.swift */,
				734B6F9D1C4BB73D00CFB6BD /* CVCalendarMonthContentViewController.swift */,
				734B6F9E1C4BB73D00CFB6BD /* CVCalendarMonthView.swift */,
				734B6F9F1C4BB73D00CFB6BD /* CVCalendarTouchController.swift */,
				734B6FA01C4BB73D00CFB6BD /* CVCalendarView.swift */,
				734B6FA11C4BB73D00CFB6BD /* CVCalendarViewAnimator.swift */,
				734B6FA21C4BB73D00CFB6BD /* CVCalendarViewAnimatorDelegate.swift */,
				734B6FA31C4BB73D00CFB6BD /* CVCalendarViewAppearance.swift */,
				734B6FA41C4BB73D00CFB6BD /* CVCalendarViewAppearanceDelegate.swift */,
				734B6FA51C4BB73D00CFB6BD /* CVCalendarViewDelegate.swift */,
				734B6FA61C4BB73D00CFB6BD /* CVCalendarViewPresentationMode.swift */,
				734B6FA71C4BB73D00CFB6BD /* CVCalendarWeekContentViewController.swift */,
				734B6FA81C4BB73D00CFB6BD /* CVCalendarWeekday.swift */,
				734B6FA91C4BB73D00CFB6BD /* CVCalendarWeekView.swift */,
				734B6FAA1C4BB73D00CFB6BD /* CVDate.swift */,
				734B6FAB1C4BB73D00CFB6BD /* CVRange.swift */,
				734B6FAC1C4BB73D00CFB6BD /* CVScrollDirection.swift */,
				734B6FAD1C4BB73D00CFB6BD /* CVSelectionType.swift */,
				734B6FAE1C4BB73D00CFB6BD /* CVSet.swift */,
				734B6FAF1C4BB73D00CFB6BD /* CVShape.swift */,
				734B6FB01C4BB73D00CFB6BD /* CVWeekdaySymbolType.swift */,
			);
			name = Calendar;
			sourceTree = "<group>";
		};
		734B6FFD1C4BF45900CFB6BD /* Repository */ = {
			isa = PBXGroup;
			children = (
				734B70041C4BF7C700CFB6BD /* RepositoryRoutine.swift */,
				734B70071C4BF7DD00CFB6BD /* RepositoryCategory.swift */,
				734B700A1C4BF7E900CFB6BD /* RepositorySection.swift */,
				73FE1F5A1C4BF82A0047C97A /* RepositoryExercise.swift */,
				734B6FFE1C4BF46400CFB6BD /* RepositorySet.swift */,
			);
			name = Repository;
			sourceTree = "<group>";
		};
		73AA28EB1CABE8E000DEED79 /* UI */ = {
			isa = PBXGroup;
			children = (
				732BA02D1C5B7A8D00C1CDB5 /* ProgressGeneralViewController.xib */,
				732BA0231C5AE75900C1CDB5 /* ProgressPageViewController.xib */,
				73AA28EC1CABE8F800DEED79 /* DashboardView.xib */,
				73BFEBC31CBBFA3900B9DDAE /* SupportDeveloperView.xib */,
			);
			name = UI;
			sourceTree = "<group>";
		};
		73BA31BC1CB83A9B001784F7 /* Controller */ = {
			isa = PBXGroup;
			children = (
				73C8E4AE1C5A1D30005E0248 /* ProgressGeneralViewController.swift */,
				7366D8DC1C4EEFD500819790 /* ProgressPageViewController.swift */,
				73AA28E91CABE69200DEED79 /* DashboardViewController.swift */,
				7366D8E91C52416C00819790 /* SupportDeveloperViewController.swift */,
			);
			name = Controller;
			sourceTree = "<group>";
		};
		73BFEBBC1CBA8B4900B9DDAE /* dSYM */ = {
			isa = PBXGroup;
			children = (
				733876DC1C4AC829006AABA7 /* Runes.framework.dSYM */,
				732BA0211C5ADC3100C1CDB5 /* PageMenuFramework.framework.dSYM */,
				7366D8E61C51AD9600819790 /* SwiftCharts.framework.dSYM */,
				733876DD1C4AC829006AABA7 /* SwiftyJSON.framework.dSYM */,
				73BFEBB91CBA8A4700B9DDAE /* Material.framework.dSYM */,
				734B6FF71C4BE8CB00CFB6BD /* Realm.framework.dSYM */,
				734B6FF81C4BE8CB00CFB6BD /* RealmSwift.framework.dSYM */,
			);
			name = dSYM;
			sourceTree = "<group>";
		};
		E00242CB1B4B0E370003A230 /* Layout */ = {
			isa = PBXGroup;
			children = (
				E0F587411B52730C00540104 /* Main.storyboard */,
				E0F587431B52730C00540104 /* TimePicker.xib */,
				732BA03C1C5BC9D400C1CDB5 /* LaunchScreen.xib */,
			);
			name = Layout;
			sourceTree = "<group>";
		};
		E00242FB1B4F1CFD0003A230 /* Frameworks */ = {
			isa = PBXGroup;
			children = (
				73BFEC041CBC2C9A00B9DDAE /* Fabric.framework */,
				73BFEC051CBC2C9A00B9DDAE /* Crashlytics.framework */,
				73BFEBB71CBA889400B9DDAE /* Material.framework */,
				732BA01E1C5ADC1200C1CDB5 /* PageMenuFramework.framework */,
				7366D8EC1C52943D00819790 /* StoreKit.framework */,
				7366D8E31C51AD5900819790 /* SwiftCharts.framework */,
				734B6FE71C4BE84600CFB6BD /* Realm.framework */,
				734B6FE81C4BE84600CFB6BD /* RealmSwift.framework */,
				7349F6A11C492729009DBE7B /* Runes.framework */,
				73D2BCEC1C3C6D6600CE6C00 /* SwiftyJSON.framework */,
				73BFEBBC1CBA8B4900B9DDAE /* dSYM */,
				734B6F951C4BB72C00CFB6BD /* Calendar */,
				E0C7E3201B5BC60600EB6389 /* Gifu */,
				73BFEBC11CBAEDD800B9DDAE /* SnackBar.swift */,
			);
			name = Frameworks;
			sourceTree = "<group>";
		};
		E02BF7B01B45E2EB00D5CE52 /* RefactorController */ = {
			isa = PBXGroup;
			children = (
				732BA0411C5EB6A600C1CDB5 /* Cell */,
				E0F587391B52730000540104 /* TimePickerController.swift */,
				734B6F3E1C4AE7E900CFB6BD /* LogWorkoutController.swift */,
				734B6F411C4BAC6A00CFB6BD /* CalendarViewController.swift */,
				7366D8D01C4EE9CC00819790 /* ProgressViewController.swift */,
				73D2BCE51C3C633200CE6C00 /* SideViewController.swift */,
				E0CA1FC41BACA58D00FF6F8C /* TimerController.swift */,
				E0F587381B52730000540104 /* SettingsController.swift */,
			);
			name = RefactorController;
			sourceTree = "<group>";
		};
		E078934C1B472CAF001195AC /* View */ = {
			isa = PBXGroup;
			children = (
				E0F587331B5272F400540104 /* ActionView.swift */,
				733876D41C4AB163006AABA7 /* LogWorkoutButton.swift */,
				46B020C26FAF7645B926FA26 /* CardView.swift */,
			);
			name = View;
			sourceTree = "<group>";
		};
		E078934D1B472CCD001195AC /* Model */ = {
			isa = PBXGroup;
			children = (
				734B6FFD1C4BF45900CFB6BD /* Repository */,
				E0F587301B5272E200540104 /* Routine.swift */,
			);
			name = Model;
			sourceTree = "<group>";
		};
		E08139041B5270EE00390A73 /* Resources */ = {
			isa = PBXGroup;
			children = (
				E0F5874C1B52732500540104 /* Gifs */,
				E0F587B31B52734900540104 /* Images.xcassets */,
				E0F587481B52731C00540104 /* finished.mp3 */,
				E0F587491B52731C00540104 /* Routine.json */,
			);
			name = Resources;
			sourceTree = "<group>";
		};
		E0C7E3201B5BC60600EB6389 /* Gifu */ = {
			isa = PBXGroup;
			children = (
				E0C7E3041B5BC12B00EB6389 /* AnimatableImageView.swift */,
				E0C7E3051B5BC12B00EB6389 /* AnimatedFrame.swift */,
				E0C7E3061B5BC12B00EB6389 /* Animator.swift */,
				E0C7E3091B5BC12B00EB6389 /* ImageSourceHelpers.swift */,
				E0C7E30C1B5BC12B00EB6389 /* UIImageExtension.swift */,
			);
			name = Gifu;
			sourceTree = "<group>";
		};
		E0C7E3241B5BC65000EB6389 /* Service */ = {
			isa = PBXGroup;
			children = (
				E0CA1FC71BACA5A000FF6F8C /* PersistenceManager.swift */,
				733876D91C4ABF88006AABA7 /* RoutineStream.swift */,
				734B70011C4BF57600CFB6BD /* RepositoryStream.swift */,
			);
			name = Service;
			sourceTree = "<group>";
		};
		E0F5874C1B52732500540104 /* Gifs */ = {
			isa = PBXGroup;
			children = (
				E0F5874D1B52733100540104 /* advanced_tuck_front_lever_row.gif */,
				E0F5874E1B52733100540104 /* arch.gif */,
				E0F5874F1B52733100540104 /* assisted_squat.gif */,
				E0F587501B52733100540104 /* band_dislocates.gif */,
				E0F587511B52733100540104 /* bodyweight_squat.gif */,
				E0F587521B52733100540104 /* burpee.gif */,
				E0F587531B52733100540104 /* cat_camel.gif */,
				E0F587541B52733100540104 /* deep_stepup.gif */,
				E0F587551B52733100540104 /* diamond_pushup.gif */,
				E0F587561B52733100540104 /* floor_l_sit.gif */,
				E0F587571B52733100540104 /* freestanding_handstand.gif */,
				E0F587581B52733100540104 /* full_body_circles.gif */,
				E0F587591B52733100540104 /* hollow_hold.gif */,
				E0F5875A1B52733100540104 /* horizontal_row.gif */,
				E0F5875B1B52733100540104 /* incline_pushup.gif */,
				E0F5875C1B52733100540104 /* incline_row.gif */,
				E0F5875D1B52733100540104 /* l_ring_dips.gif */,
				E0F5875E1B52733100540104 /* l_sit.gif */,
				E0F5875F1B52733100540104 /* leg_swings.gif */,
				E0F587601B52733100540104 /* lsit_pullup.gif */,
				E0F587611B52733100540104 /* negative_pullup.gif */,
				E0F587621B52733100540104 /* one_foot_l_sit.gif */,
				E0F587631B52733100540104 /* parallel_bar_dips.gif */,
				E0F587641B52733100540104 /* parallel_bar_hold.gif */,
				E0F587651B52733100540104 /* plank.gif */,
				E0F587661B52733100540104 /* pseudo_planche_pushup.gif */,
				E0F587671B52733100540104 /* pseudo_planche.gif */,
				E0F587681B52733100540104 /* pullover.gif */,
				E0F587691B52733100540104 /* pullup.gif */,
				E0F5876A1B52733100540104 /* pushup.gif */,
				E0F5876B1B52733100540104 /* reverse_plank.gif */,
				E0F5876C1B52733100540104 /* ring_dips.gif */,
				E0F5876D1B52733100540104 /* ring_pushup.gif */,
				E0F5876E1B52733100540104 /* ring_support.gif */,
				E0F5876F1B52733100540104 /* rings_turned_out_pushup.gif */,
				E0F587701B52733100540104 /* rings_turned_out_support.gif */,
				E0F587711B52733100540104 /* scapular_shrugs.gif */,
				E0F587721B52733100540104 /* side_plank.gif */,
				E0F587731B52733100540104 /* squat_jumps.gif */,
				E0F587741B52733100540104 /* tuck_front_lever_row.gif */,
				E0F587751B52733100540104 /* tuck_front_lever.gif */,
				E0F587761B52733100540104 /* tuck_ice_cream_maker.gif */,
				E0F587771B52733100540104 /* tuck_l_sit.gif */,
				E0F587781B52733100540104 /* vertical_row.gif */,
				E0F587791B52733100540104 /* wall_extensions.gif */,
				E0F5877A1B52733100540104 /* wall_handstand.gif */,
				E0F5877B1B52733100540104 /* wall_plank.gif */,
				E0F5877C1B52733100540104 /* wall_pushup.gif */,
				E0F5877D1B52733100540104 /* wide_row.gif */,
				E0F5877E1B52733100540104 /* wrist_progression.gif */,
			);
			name = Gifs;
			sourceTree = "<group>";
		};
/* End PBXGroup section */

/* Begin PBXNativeTarget section */
		2BD2CA821B458FFD00841AB7 /* Bodyweight Fitness */ = {
			isa = PBXNativeTarget;
			buildConfigurationList = 2BD2CAA51B458FFE00841AB7 /* Build configuration list for PBXNativeTarget "Bodyweight Fitness" */;
			buildPhases = (
				2BD2CA7F1B458FFD00841AB7 /* Sources */,
				2BD2CA801B458FFD00841AB7 /* Frameworks */,
				2BD2CA811B458FFD00841AB7 /* Resources */,
				E0C7E3481B5BD8B500EB6389 /* Embed App Extensions */,
				73D2BCDA1C3C625A00CE6C00 /* ShellScript */,
				73D2BCDB1C3C627200CE6C00 /* CopyFiles */,
				73BFEBFF1CBC2B8C00B9DDAE /* ShellScript */,
			);
			buildRules = (
			);
			dependencies = (
			);
			name = "Bodyweight Fitness";
			productName = TabsTest;
			productReference = 2BD2CA831B458FFD00841AB7 /* Bodyweight Fitness.app */;
			productType = "com.apple.product-type.application";
		};
/* End PBXNativeTarget section */

/* Begin PBXProject section */
		2BD2CA7B1B458FFD00841AB7 /* Project object */ = {
			isa = PBXProject;
			attributes = {
				LastSwiftUpdateCheck = 0700;
				LastUpgradeCheck = 0720;
				ORGANIZATIONNAME = "Damian Mazurkiewicz";
				TargetAttributes = {
					2BD2CA821B458FFD00841AB7 = {
						CreatedOnToolsVersion = 6.2;
						DevelopmentTeam = 32UU4L8Z8S;
						SystemCapabilities = {
							com.apple.InAppPurchase = {
								enabled = 1;
							};
						};
					};
				};
			};
			buildConfigurationList = 2BD2CA7E1B458FFD00841AB7 /* Build configuration list for PBXProject "BodyweightFitness" */;
			compatibilityVersion = "Xcode 6.3";
			developmentRegion = English;
			hasScannedForEncodings = 0;
			knownRegions = (
				en,
				Base,
			);
			mainGroup = 2BD2CA7A1B458FFD00841AB7;
			productRefGroup = 2BD2CA841B458FFD00841AB7 /* Products */;
			projectDirPath = "";
			projectRoot = "";
			targets = (
				2BD2CA821B458FFD00841AB7 /* Bodyweight Fitness */,
			);
		};
/* End PBXProject section */

/* Begin PBXResourcesBuildPhase section */
		2BD2CA811B458FFD00841AB7 /* Resources */ = {
			isa = PBXResourcesBuildPhase;
			buildActionMask = 2147483647;
			files = (
				E0F587991B52733100540104 /* pseudo_planche.gif in Resources */,
				E0F587A31B52733100540104 /* scapular_shrugs.gif in Resources */,
				73AA28ED1CABE8F800DEED79 /* DashboardView.xib in Resources */,
				E0F587911B52733100540104 /* leg_swings.gif in Resources */,
				E0F587821B52733100540104 /* band_dislocates.gif in Resources */,
				73AA28EF1CB7ABB500DEED79 /* DashboardSectionViewCell.xib in Resources */,
				732BA0471C5EBB9900C1CDB5 /* CalendarSectionViewCell.xib in Resources */,
				E0F587841B52733100540104 /* burpee.gif in Resources */,
				732BA02E1C5B7A8D00C1CDB5 /* ProgressGeneralViewController.xib in Resources */,
				E0F587AA1B52733100540104 /* vertical_row.gif in Resources */,
				E0F587AB1B52733100540104 /* wall_extensions.gif in Resources */,
				E0F587A11B52733100540104 /* rings_turned_out_pushup.gif in Resources */,
				732BA0281C5AE8F900C1CDB5 /* SectionViewCell.xib in Resources */,
				E0F587971B52733100540104 /* plank.gif in Resources */,
				73AA28F71CB7ACD900DEED79 /* DashboardSingleItemViewCell.xib in Resources */,
				73AA28F91CB7ACE300DEED79 /* DashboardDoubleItemViewCell.xib in Resources */,
				E0F5874B1B52731C00540104 /* Routine.json in Resources */,
				E0F587901B52733100540104 /* l_sit.gif in Resources */,
				E0F587461B52730C00540104 /* Main.storyboard in Resources */,
				E0F587941B52733100540104 /* one_foot_l_sit.gif in Resources */,
				E0F5879A1B52733100540104 /* pullover.gif in Resources */,
				E0F587861B52733100540104 /* deep_stepup.gif in Resources */,
				E0F5879E1B52733100540104 /* ring_dips.gif in Resources */,
				E0F587AD1B52733100540104 /* wall_plank.gif in Resources */,
				E0F5879B1B52733100540104 /* pullup.gif in Resources */,
				E0F587951B52733100540104 /* parallel_bar_dips.gif in Resources */,
				E0F587A81B52733100540104 /* tuck_ice_cream_maker.gif in Resources */,
				E0F587A01B52733100540104 /* ring_support.gif in Resources */,
				73AA28F51CB7ACCC00DEED79 /* DashboardCategoryViewCell.xib in Resources */,
				E0F5878C1B52733100540104 /* horizontal_row.gif in Resources */,
				E0F587871B52733100540104 /* diamond_pushup.gif in Resources */,
				E0F587A71B52733100540104 /* tuck_front_lever.gif in Resources */,
				E0F5878A1B52733100540104 /* full_body_circles.gif in Resources */,
				E0F5879C1B52733100540104 /* pushup.gif in Resources */,
				E0F587931B52733100540104 /* negative_pullup.gif in Resources */,
				E0F587B01B52733100540104 /* wrist_progression.gif in Resources */,
				E0F587A91B52733100540104 /* tuck_l_sit.gif in Resources */,
				E0F587811B52733100540104 /* assisted_squat.gif in Resources */,
				E0F5878E1B52733100540104 /* incline_row.gif in Resources */,
				E0F587891B52733100540104 /* freestanding_handstand.gif in Resources */,
				E0F587AF1B52733100540104 /* wide_row.gif in Resources */,
				E0F587AE1B52733100540104 /* wall_pushup.gif in Resources */,
				E0F587A21B52733100540104 /* rings_turned_out_support.gif in Resources */,
				E0F5874A1B52731C00540104 /* finished.mp3 in Resources */,
				E0F587471B52730C00540104 /* TimePicker.xib in Resources */,
				E0F587881B52733100540104 /* floor_l_sit.gif in Resources */,
				732BA0261C5AE8EF00C1CDB5 /* CardViewCell.xib in Resources */,
				E0F5878B1B52733100540104 /* hollow_hold.gif in Resources */,
				E0F587A41B52733100540104 /* side_plank.gif in Resources */,
				E0F5879D1B52733100540104 /* reverse_plank.gif in Resources */,
				E0F587851B52733100540104 /* cat_camel.gif in Resources */,
				E0F5879F1B52733100540104 /* ring_pushup.gif in Resources */,
				73BFEBC41CBBFA3900B9DDAE /* SupportDeveloperView.xib in Resources */,
				E0F5878D1B52733100540104 /* incline_pushup.gif in Resources */,
				E0F587981B52733100540104 /* pseudo_planche_pushup.gif in Resources */,
				E0F587961B52733100540104 /* parallel_bar_hold.gif in Resources */,
				E0F587801B52733100540104 /* arch.gif in Resources */,
				E0F587A51B52733100540104 /* squat_jumps.gif in Resources */,
				732BA0241C5AE75900C1CDB5 /* ProgressPageViewController.xib in Resources */,
				E0F587921B52733100540104 /* lsit_pullup.gif in Resources */,
				E0F5878F1B52733100540104 /* l_ring_dips.gif in Resources */,
				E0F587A61B52733100540104 /* tuck_front_lever_row.gif in Resources */,
				E0F587AC1B52733100540104 /* wall_handstand.gif in Resources */,
				732BA03D1C5BC9D400C1CDB5 /* LaunchScreen.xib in Resources */,
				E0F587B41B52734900540104 /* Images.xcassets in Resources */,
				E0F5877F1B52733100540104 /* advanced_tuck_front_lever_row.gif in Resources */,
				E0F587831B52733100540104 /* bodyweight_squat.gif in Resources */,
				732BA0451C5EB9CE00C1CDB5 /* CalendarCardViewCell.xib in Resources */,
			);
			runOnlyForDeploymentPostprocessing = 0;
		};
/* End PBXResourcesBuildPhase section */

/* Begin PBXShellScriptBuildPhase section */
		73BFEBFF1CBC2B8C00B9DDAE /* ShellScript */ = {
			isa = PBXShellScriptBuildPhase;
			buildActionMask = 2147483647;
			files = (
			);
			inputPaths = (
			);
			outputPaths = (
			);
			runOnlyForDeploymentPostprocessing = 0;
			shellPath = /bin/sh;
			shellScript = "./Fabric.framework/run 5dcec45142f2b7beb83af419bcb06344e8598390 f37f74ee55215607611bede5f6fd7baf1a2584de9167cdf7b72947665f50bff0";
		};
		73D2BCDA1C3C625A00CE6C00 /* ShellScript */ = {
			isa = PBXShellScriptBuildPhase;
			buildActionMask = 2147483647;
			files = (
			);
			inputPaths = (
				"$(SRCROOT)/Carthage/Build/iOS/Material.framework",
				"$(SRCROOT)/Carthage/Build/iOS/SwiftyJSON.framework",
				"$(SRCROOT)/Carthage/Build/iOS/Runes.framework",
				"$(SRCROOT)/Carthage/Build/iOS/RealmSwift.framework",
				"$(SRCROOT)/Carthage/Build/iOS/Realm.framework",
				"$(SRCROOT)/Carthage/Build/iOS/SwiftCharts.framework",
				"$(SRCROOT)/Carthage/Build/iOS/PageMenuFramework.framework",
			);
			outputPaths = (
			);
			runOnlyForDeploymentPostprocessing = 0;
			shellPath = "/usr/local/bin/carthage copy-frameworks";
			shellScript = "";
		};
/* End PBXShellScriptBuildPhase section */

/* Begin PBXSourcesBuildPhase section */
		2BD2CA7F1B458FFD00841AB7 /* Sources */ = {
			isa = PBXSourcesBuildPhase;
			buildActionMask = 2147483647;
			files = (
				734B6FCF1C4BB73D00CFB6BD /* CVCalendarViewDelegate.swift in Sources */,
				734B6FE11C4BB73D00CFB6BD /* CVSet.swift in Sources */,
				734B70051C4BF7C700CFB6BD /* RepositoryRoutine.swift in Sources */,
				7366D8D11C4EE9CC00819790 /* ProgressViewController.swift in Sources */,
				734B6FB11C4BB73D00CFB6BD /* CVAuxiliaryView.swift in Sources */,
				E0F587351B5272F400540104 /* ActionView.swift in Sources */,
				734B70081C4BF7DD00CFB6BD /* RepositoryCategory.swift in Sources */,
				734B6FDB1C4BB73D00CFB6BD /* CVRange.swift in Sources */,
				E0C7E3171B5BC12B00EB6389 /* ImageSourceHelpers.swift in Sources */,
				734B6FBF1C4BB73D00CFB6BD /* CVCalendarMonthContentViewController.swift in Sources */,
				E0C7E31D1B5BC12B00EB6389 /* UIImageExtension.swift in Sources */,
				734B6FBB1C4BB73D00CFB6BD /* CVCalendarMenuView.swift in Sources */,
				E0C7E30D1B5BC12B00EB6389 /* AnimatableImageView.swift in Sources */,
				734B6FD31C4BB73D00CFB6BD /* CVCalendarWeekContentViewController.swift in Sources */,
				7366D8E11C51810600819790 /* Extensions.swift in Sources */,
				73BFEBC01CBAE19A00B9DDAE /* DevelopedByCell.swift in Sources */,
				732BA02C1C5B76E500C1CDB5 /* SectionViewCell.swift in Sources */,
				E0C7E30F1B5BC12B00EB6389 /* AnimatedFrame.swift in Sources */,
				734B70021C4BF57600CFB6BD /* RepositoryStream.swift in Sources */,
				734B6FC91C4BB73D00CFB6BD /* CVCalendarViewAnimatorDelegate.swift in Sources */,
				E0F5873D1B52730000540104 /* TimePickerController.swift in Sources */,
				7366D8DD1C4EEFD500819790 /* ProgressPageViewController.swift in Sources */,
				734B6FD11C4BB73D00CFB6BD /* CVCalendarViewPresentationMode.swift in Sources */,
				733876D51C4AB163006AABA7 /* LogWorkoutButton.swift in Sources */,
				73AA28FD1CB7ACF500DEED79 /* DashboardDoubleItemViewCell.swift in Sources */,
				734B6FFF1C4BF46400CFB6BD /* RepositorySet.swift in Sources */,
				734B6FB71C4BB73D00CFB6BD /* CVCalendarDayViewControlCoordinator.swift in Sources */,
				73BFEBBE1CBAC94300B9DDAE /* WeightUnitCell.swift in Sources */,
				732BA0491C5EBBA400C1CDB5 /* CalendarSectionViewCell.swift in Sources */,
				E0CA1FC81BACA5A000FF6F8C /* PersistenceManager.swift in Sources */,
				73AA28F31CB7ACC100DEED79 /* DashboardCategoryViewCell.swift in Sources */,
				E0F587311B5272E200540104 /* Routine.swift in Sources */,
				7366D8EA1C52416C00819790 /* SupportDeveloperViewController.swift in Sources */,
				734B6FD91C4BB73D00CFB6BD /* CVDate.swift in Sources */,
				734B6FBD1C4BB73D00CFB6BD /* CVCalendarMenuViewDelegate.swift in Sources */,
				E0F5873C1B52730000540104 /* SettingsController.swift in Sources */,
				734B6F421C4BAC6A00CFB6BD /* CalendarViewController.swift in Sources */,
				734B6FD71C4BB73D00CFB6BD /* CVCalendarWeekView.swift in Sources */,
				E0C7E3111B5BC12B00EB6389 /* Animator.swift in Sources */,
				734B6FCD1C4BB73D00CFB6BD /* CVCalendarViewAppearanceDelegate.swift in Sources */,
				732BA0431C5EB9C300C1CDB5 /* CalendarCardViewCell.swift in Sources */,
				734B6FB91C4BB73D00CFB6BD /* CVCalendarManager.swift in Sources */,
				73BFEBC21CBAEDD800B9DDAE /* SnackBar.swift in Sources */,
				734B6FE51C4BB73D00CFB6BD /* CVWeekdaySymbolType.swift in Sources */,
				733876DA1C4ABF88006AABA7 /* RoutineStream.swift in Sources */,
				73D2BCE61C3C633200CE6C00 /* SideViewController.swift in Sources */,
				734B6FB31C4BB73D00CFB6BD /* CVCalendarContentViewController.swift in Sources */,
				732BA02A1C5B76DD00C1CDB5 /* CardViewCell.swift in Sources */,
				E0F5872E1B5272C400540104 /* AppDelegate.swift in Sources */,
				73AA28FB1CB7ACEB00DEED79 /* DashboardSingleItemViewCell.swift in Sources */,
				734B6FD51C4BB73D00CFB6BD /* CVCalendarWeekday.swift in Sources */,
				73AA28EA1CABE69200DEED79 /* DashboardViewController.swift in Sources */,
				734B6FDD1C4BB73D00CFB6BD /* CVScrollDirection.swift in Sources */,
				734B700B1C4BF7E900CFB6BD /* RepositorySection.swift in Sources */,
				734B6FDF1C4BB73D00CFB6BD /* CVSelectionType.swift in Sources */,
				734B6FC11C4BB73D00CFB6BD /* CVCalendarMonthView.swift in Sources */,
				734B6FC31C4BB73D00CFB6BD /* CVCalendarTouchController.swift in Sources */,
				734B6FCB1C4BB73D00CFB6BD /* CVCalendarViewAppearance.swift in Sources */,
				73AA28F11CB7ABC300DEED79 /* DashboardSectionViewCell.swift in Sources */,
				E0CA1FC51BACA58D00FF6F8C /* TimerController.swift in Sources */,
				734B6FC71C4BB73D00CFB6BD /* CVCalendarViewAnimator.swift in Sources */,
				73FE1F5B1C4BF82A0047C97A /* RepositoryExercise.swift in Sources */,
				73C8E4AF1C5A1D30005E0248 /* ProgressGeneralViewController.swift in Sources */,
				734B6FC51C4BB73D00CFB6BD /* CVCalendarView.swift in Sources */,
				734B6FE31C4BB73D00CFB6BD /* CVShape.swift in Sources */,
				734B6FB51C4BB73D00CFB6BD /* CVCalendarDayView.swift in Sources */,
				734B6F3F1C4AE7E900CFB6BD /* LogWorkoutController.swift in Sources */,
				46B02780EEC08B16FB384A4F /* CardView.swift in Sources */,
			);
			runOnlyForDeploymentPostprocessing = 0;
		};
/* End PBXSourcesBuildPhase section */

/* Begin PBXVariantGroup section */
		E0F587411B52730C00540104 /* Main.storyboard */ = {
			isa = PBXVariantGroup;
			children = (
				E0F587421B52730C00540104 /* Base */,
			);
			name = Main.storyboard;
			sourceTree = "<group>";
		};
		E0F587431B52730C00540104 /* TimePicker.xib */ = {
			isa = PBXVariantGroup;
			children = (
				E0F587441B52730C00540104 /* Base */,
			);
			name = TimePicker.xib;
			sourceTree = "<group>";
		};
/* End PBXVariantGroup section */

/* Begin XCBuildConfiguration section */
		2BD2CAA31B458FFE00841AB7 /* Debug */ = {
			isa = XCBuildConfiguration;
			buildSettings = {
				ALWAYS_SEARCH_USER_PATHS = NO;
				CLANG_CXX_LANGUAGE_STANDARD = "gnu++0x";
				CLANG_CXX_LIBRARY = "libc++";
				CLANG_ENABLE_MODULES = YES;
				CLANG_ENABLE_OBJC_ARC = YES;
				CLANG_WARN_BOOL_CONVERSION = YES;
				CLANG_WARN_CONSTANT_CONVERSION = YES;
				CLANG_WARN_DIRECT_OBJC_ISA_USAGE = YES_ERROR;
				CLANG_WARN_EMPTY_BODY = YES;
				CLANG_WARN_ENUM_CONVERSION = YES;
				CLANG_WARN_INT_CONVERSION = YES;
				CLANG_WARN_OBJC_ROOT_CLASS = YES_ERROR;
				CLANG_WARN_UNREACHABLE_CODE = YES;
				CLANG_WARN__DUPLICATE_METHOD_MATCH = YES;
				"CODE_SIGN_IDENTITY[sdk=iphoneos*]" = "iPhone Developer: Damian Mazurkiewicz (2HYG5VX9N6)";
				COPY_PHASE_STRIP = NO;
				ENABLE_BITCODE = NO;
				ENABLE_STRICT_OBJC_MSGSEND = YES;
				ENABLE_TESTABILITY = YES;
				GCC_C_LANGUAGE_STANDARD = gnu99;
				GCC_DYNAMIC_NO_PIC = NO;
				GCC_OPTIMIZATION_LEVEL = 0;
				GCC_PREPROCESSOR_DEFINITIONS = (
					"DEBUG=1",
					"$(inherited)",
				);
				GCC_SYMBOLS_PRIVATE_EXTERN = NO;
				GCC_WARN_64_TO_32_BIT_CONVERSION = YES;
				GCC_WARN_ABOUT_RETURN_TYPE = YES_ERROR;
				GCC_WARN_UNDECLARED_SELECTOR = YES;
				GCC_WARN_UNINITIALIZED_AUTOS = YES_AGGRESSIVE;
				GCC_WARN_UNUSED_FUNCTION = YES;
				GCC_WARN_UNUSED_VARIABLE = YES;
				INFOPLIST_FILE = "$(SRCROOT)/BodyweightFitness/Bodyweight Fitness.plist";
				IPHONEOS_DEPLOYMENT_TARGET = 9.0;
				MTL_ENABLE_DEBUG_INFO = YES;
				ONLY_ACTIVE_ARCH = YES;
				PROVISIONING_PROFILE = "604ccdb3-3d52-4a1b-83e4-0079850ade8c";
				SDKROOT = iphoneos;
				SWIFT_OPTIMIZATION_LEVEL = "-Onone";
				TARGETED_DEVICE_FAMILY = "1,2";
			};
			name = Debug;
		};
		2BD2CAA41B458FFE00841AB7 /* Release */ = {
			isa = XCBuildConfiguration;
			buildSettings = {
				ALWAYS_SEARCH_USER_PATHS = NO;
				CLANG_CXX_LANGUAGE_STANDARD = "gnu++0x";
				CLANG_CXX_LIBRARY = "libc++";
				CLANG_ENABLE_MODULES = YES;
				CLANG_ENABLE_OBJC_ARC = YES;
				CLANG_WARN_BOOL_CONVERSION = YES;
				CLANG_WARN_CONSTANT_CONVERSION = YES;
				CLANG_WARN_DIRECT_OBJC_ISA_USAGE = YES_ERROR;
				CLANG_WARN_EMPTY_BODY = YES;
				CLANG_WARN_ENUM_CONVERSION = YES;
				CLANG_WARN_INT_CONVERSION = YES;
				CLANG_WARN_OBJC_ROOT_CLASS = YES_ERROR;
				CLANG_WARN_UNREACHABLE_CODE = YES;
				CLANG_WARN__DUPLICATE_METHOD_MATCH = YES;
				"CODE_SIGN_IDENTITY[sdk=iphoneos*]" = "iPhone Distribution: Damian Mazurkiewicz (32UU4L8Z8S)";
				COPY_PHASE_STRIP = NO;
				ENABLE_BITCODE = NO;
				ENABLE_NS_ASSERTIONS = NO;
				ENABLE_STRICT_OBJC_MSGSEND = YES;
				GCC_C_LANGUAGE_STANDARD = gnu99;
				GCC_WARN_64_TO_32_BIT_CONVERSION = YES;
				GCC_WARN_ABOUT_RETURN_TYPE = YES_ERROR;
				GCC_WARN_UNDECLARED_SELECTOR = YES;
				GCC_WARN_UNINITIALIZED_AUTOS = YES_AGGRESSIVE;
				GCC_WARN_UNUSED_FUNCTION = YES;
				GCC_WARN_UNUSED_VARIABLE = YES;
				INFOPLIST_FILE = "$(SRCROOT)/BodyweightFitness/Bodyweight Fitness.plist";
				IPHONEOS_DEPLOYMENT_TARGET = 9.0;
				MTL_ENABLE_DEBUG_INFO = NO;
				PROVISIONING_PROFILE = "604ccdb3-3d52-4a1b-83e4-0079850ade8c";
				SDKROOT = iphoneos;
				TARGETED_DEVICE_FAMILY = "1,2";
				VALIDATE_PRODUCT = YES;
			};
			name = Release;
		};
		2BD2CAA61B458FFE00841AB7 /* Debug */ = {
			isa = XCBuildConfiguration;
			buildSettings = {
				ASSETCATALOG_COMPILER_APPICON_NAME = AppIcon;
				CLANG_ENABLE_MODULES = YES;
				CODE_SIGN_IDENTITY = "iPhone Developer";
				"CODE_SIGN_IDENTITY[sdk=iphoneos*]" = "iPhone Developer";
				FRAMEWORK_SEARCH_PATHS = (
					"$(inherited)",
					"$(PROJECT_DIR)",
					"$(PROJECT_DIR)/Carthage/Build/iOS",
				);
				INFOPLIST_FILE = "$(SRCROOT)/BodyweightFitness/Bodyweight Fitness.plist";
				IPHONEOS_DEPLOYMENT_TARGET = 9.0;
				LD_RUNPATH_SEARCH_PATHS = "$(inherited) @executable_path/Frameworks";
				PRODUCT_BUNDLE_IDENTIFIER = "io.mazur.$(PRODUCT_NAME:rfc1034identifier)";
				PRODUCT_NAME = "Bodyweight Fitness";
				PROVISIONING_PROFILE = "";
				SDKROOT = iphoneos;
				SWIFT_OBJC_BRIDGING_HEADER = "";
				SWIFT_OPTIMIZATION_LEVEL = "-Onone";
				TARGETED_DEVICE_FAMILY = "1,2";
			};
			name = Debug;
		};
		2BD2CAA71B458FFE00841AB7 /* Release */ = {
			isa = XCBuildConfiguration;
			buildSettings = {
				ASSETCATALOG_COMPILER_APPICON_NAME = AppIcon;
				CLANG_ENABLE_MODULES = YES;
				CODE_SIGN_IDENTITY = "iPhone Developer";
				"CODE_SIGN_IDENTITY[sdk=iphoneos*]" = "iPhone Developer";
				FRAMEWORK_SEARCH_PATHS = (
					"$(inherited)",
					"$(PROJECT_DIR)",
					"$(PROJECT_DIR)/Carthage/Build/iOS",
				);
				INFOPLIST_FILE = "$(SRCROOT)/BodyweightFitness/Bodyweight Fitness.plist";
				IPHONEOS_DEPLOYMENT_TARGET = 9.0;
				LD_RUNPATH_SEARCH_PATHS = "$(inherited) @executable_path/Frameworks";
				PRODUCT_BUNDLE_IDENTIFIER = "io.mazur.$(PRODUCT_NAME:rfc1034identifier)";
				PRODUCT_NAME = "Bodyweight Fitness";
				PROVISIONING_PROFILE = "";
				SDKROOT = iphoneos;
				SWIFT_OBJC_BRIDGING_HEADER = "";
				TARGETED_DEVICE_FAMILY = "1,2";
			};
			name = Release;
		};
/* End XCBuildConfiguration section */

/* Begin XCConfigurationList section */
		2BD2CA7E1B458FFD00841AB7 /* Build configuration list for PBXProject "BodyweightFitness" */ = {
			isa = XCConfigurationList;
			buildConfigurations = (
				2BD2CAA31B458FFE00841AB7 /* Debug */,
				2BD2CAA41B458FFE00841AB7 /* Release */,
			);
			defaultConfigurationIsVisible = 0;
			defaultConfigurationName = Release;
		};
		2BD2CAA51B458FFE00841AB7 /* Build configuration list for PBXNativeTarget "Bodyweight Fitness" */ = {
			isa = XCConfigurationList;
			buildConfigurations = (
				2BD2CAA61B458FFE00841AB7 /* Debug */,
				2BD2CAA71B458FFE00841AB7 /* Release */,
			);
			defaultConfigurationIsVisible = 0;
			defaultConfigurationName = Release;
		};
/* End XCConfigurationList section */
	};
	rootObject = 2BD2CA7B1B458FFD00841AB7 /* Project object */;
}
